// !$*UTF8*$!
{
	archiveVersion = 1;
	classes = {
	};
	objectVersion = 77;
	objects = {

/* Begin PBXBuildFile section */
		21291E876C7E4A1CA098C6E7 /* WidgetSpec+Symbol.swift in Sources */ = {isa = PBXBuildFile; fileRef = 209AB46CCEC2437C8E0C282B /* WidgetSpec+Symbol.swift */; };
		2A6E3EFF16F84267A467B82E /* WidgetSpec+Image.swift in Sources */ = {isa = PBXBuildFile; fileRef = C9FA7BC74A964A4FBFB0B8D9 /* WidgetSpec+Image.swift */; };
		4CB1CC0E8A3A4228B0809450 /* WidgetWeaverSpecView.swift in Sources */ = {isa = PBXBuildFile; fileRef = 28FA1B0B8F684F39BFCEFE63 /* WidgetWeaverSpecView.swift */; };
		5CF6BEA50DAA46AEA889C134 /* WidgetSpec+Layout.swift in Sources */ = {isa = PBXBuildFile; fileRef = F07C4CE9A0B54FFCB5E36F8B /* WidgetSpec+Layout.swift */; };
		68303C519E3D4EF3B280502E /* WidgetWeaverSpecView.swift in Sources */ = {isa = PBXBuildFile; fileRef = 28FA1B0B8F684F39BFCEFE63 /* WidgetWeaverSpecView.swift */; };
		6B8E62C829F6419284F4B718 /* WidgetSpec+Symbol.swift in Sources */ = {isa = PBXBuildFile; fileRef = 209AB46CCEC2437C8E0C282B /* WidgetSpec+Symbol.swift */; };
		745588A395DC40D993E87409 /* WidgetSpec+Utilities.swift in Sources */ = {isa = PBXBuildFile; fileRef = 77E885B08F744161B7F48C01 /* WidgetSpec+Utilities.swift */; };
		7F22E328D5B04386BEA69389 /* WidgetSpec+Style.swift in Sources */ = {isa = PBXBuildFile; fileRef = CEE533889D3E4CDE9E6BFFC1 /* WidgetSpec+Style.swift */; };
		8C6FB7B23D0C4E3F88E52DD1 /* WidgetSpec+Image.swift in Sources */ = {isa = PBXBuildFile; fileRef = C9FA7BC74A964A4FBFB0B8D9 /* WidgetSpec+Image.swift */; };
		E12EAD572EF85AC000A0E994 /* WidgetWeaverStepsAnalytics.swift in Sources */ = {isa = PBXBuildFile; fileRef = E12EAD562EF85ABE00A0E994 /* WidgetWeaverStepsAnalytics.swift */; };
		E12EAD582EF85AC000A0E994 /* WidgetWeaverStepsAnalytics.swift in Sources */ = {isa = PBXBuildFile; fileRef = E12EAD562EF85ABE00A0E994 /* WidgetWeaverStepsAnalytics.swift */; };
		E12EAD5A2EF85AEB00A0E994 /* WidgetWeaverStepsEngine.swift in Sources */ = {isa = PBXBuildFile; fileRef = E12EAD592EF85AE800A0E994 /* WidgetWeaverStepsEngine.swift */; };
		E12EAD5B2EF85AEB00A0E994 /* WidgetWeaverStepsEngine.swift in Sources */ = {isa = PBXBuildFile; fileRef = E12EAD592EF85AE800A0E994 /* WidgetWeaverStepsEngine.swift */; };
		E150471B2F1B029B0047863A /* WidgetWeaverSpecView+BuildingBlocks.swift in Sources */ = {isa = PBXBuildFile; fileRef = E150471A2F1B02980047863A /* WidgetWeaverSpecView+BuildingBlocks.swift */; };
		E150471C2F1B029B0047863A /* WidgetWeaverSpecView+BuildingBlocks.swift in Sources */ = {isa = PBXBuildFile; fileRef = E150471A2F1B02980047863A /* WidgetWeaverSpecView+BuildingBlocks.swift */; };
		E150471E2F1B02CF0047863A /* WidgetWeaverSpecView+Actions.swift in Sources */ = {isa = PBXBuildFile; fileRef = E150471D2F1B02CD0047863A /* WidgetWeaverSpecView+Actions.swift */; };
		E150471F2F1B02CF0047863A /* WidgetWeaverSpecView+Actions.swift in Sources */ = {isa = PBXBuildFile; fileRef = E150471D2F1B02CD0047863A /* WidgetWeaverSpecView+Actions.swift */; };
		E15047212F1B02E50047863A /* WidgetWeaverSpecView+Background.swift in Sources */ = {isa = PBXBuildFile; fileRef = E15047202F1B02E30047863A /* WidgetWeaverSpecView+Background.swift */; };
		E15047222F1B02E50047863A /* WidgetWeaverSpecView+Background.swift in Sources */ = {isa = PBXBuildFile; fileRef = E15047202F1B02E30047863A /* WidgetWeaverSpecView+Background.swift */; };
		E15047242F1B46060047863A /* WidgetWeaverRemindersTemplateView.swift in Sources */ = {isa = PBXBuildFile; fileRef = E15047232F1B45F70047863A /* WidgetWeaverRemindersTemplateView.swift */; };
		E15047252F1B46060047863A /* WidgetWeaverRemindersTemplateView.swift in Sources */ = {isa = PBXBuildFile; fileRef = E15047232F1B45F70047863A /* WidgetWeaverRemindersTemplateView.swift */; };
		E15B0BAA2EF6CC8300760C03 /* WidgetWeaverWeatherTemplateHelpers.swift in Sources */ = {isa = PBXBuildFile; fileRef = E15B0BA92EF6CC8100760C03 /* WidgetWeaverWeatherTemplateHelpers.swift */; };
		E15B0BAB2EF6CC8300760C03 /* WidgetWeaverWeatherTemplateHelpers.swift in Sources */ = {isa = PBXBuildFile; fileRef = E15B0BA92EF6CC8100760C03 /* WidgetWeaverWeatherTemplateHelpers.swift */; };
		E15B0BAD2EF6CCC900760C03 /* WidgetWeaverWeatherTemplateModels.swift in Sources */ = {isa = PBXBuildFile; fileRef = E15B0BAC2EF6CCC700760C03 /* WidgetWeaverWeatherTemplateModels.swift */; };
		E15B0BAE2EF6CCC900760C03 /* WidgetWeaverWeatherTemplateModels.swift in Sources */ = {isa = PBXBuildFile; fileRef = E15B0BAC2EF6CCC700760C03 /* WidgetWeaverWeatherTemplateModels.swift */; };
		E15B0BB02EF6CCE900760C03 /* WidgetWeaverWeatherTemplateLayouts.swift in Sources */ = {isa = PBXBuildFile; fileRef = E15B0BAF2EF6CCE700760C03 /* WidgetWeaverWeatherTemplateLayouts.swift */; };
		E15B0BB12EF6CCE900760C03 /* WidgetWeaverWeatherTemplateLayouts.swift in Sources */ = {isa = PBXBuildFile; fileRef = E15B0BAF2EF6CCE700760C03 /* WidgetWeaverWeatherTemplateLayouts.swift */; };
		E15B0BB32EF6CD0700760C03 /* WidgetWeaverWeatherTemplateComponents.swift in Sources */ = {isa = PBXBuildFile; fileRef = E15B0BB22EF6CD0500760C03 /* WidgetWeaverWeatherTemplateComponents.swift */; };
		E15B0BB42EF6CD0700760C03 /* WidgetWeaverWeatherTemplateComponents.swift in Sources */ = {isa = PBXBuildFile; fileRef = E15B0BB22EF6CD0500760C03 /* WidgetWeaverWeatherTemplateComponents.swift */; };
		E15B0BB72EF7141A00760C03 /* WidgetWeaverCalendar.swift in Sources */ = {isa = PBXBuildFile; fileRef = E15B0BB62EF7141700760C03 /* WidgetWeaverCalendar.swift */; };
		E15B0BB82EF7141A00760C03 /* WidgetWeaverCalendar.swift in Sources */ = {isa = PBXBuildFile; fileRef = E15B0BB62EF7141700760C03 /* WidgetWeaverCalendar.swift */; };
		E15B0BC22EF78BEB00760C03 /* WidgetWeaverSteps.swift in Sources */ = {isa = PBXBuildFile; fileRef = E15B0BC12EF78BE900760C03 /* WidgetWeaverSteps.swift */; };
		E15B0BC32EF78BEB00760C03 /* WidgetWeaverSteps.swift in Sources */ = {isa = PBXBuildFile; fileRef = E15B0BC12EF78BE900760C03 /* WidgetWeaverSteps.swift */; };
		E16011442F15EC2000A3B10B /* PawPulseLatestItem.swift in Sources */ = {isa = PBXBuildFile; fileRef = E16011432F15EC1000A3B10B /* PawPulseLatestItem.swift */; };
		E16011452F15EC2000A3B10B /* PawPulseLatestItem.swift in Sources */ = {isa = PBXBuildFile; fileRef = E16011432F15EC1000A3B10B /* PawPulseLatestItem.swift */; };
		E16011472F15EC4600A3B10B /* PawPulseCache.swift in Sources */ = {isa = PBXBuildFile; fileRef = E16011462F15EC4200A3B10B /* PawPulseCache.swift */; };
		E16011482F15EC4600A3B10B /* PawPulseCache.swift in Sources */ = {isa = PBXBuildFile; fileRef = E16011462F15EC4200A3B10B /* PawPulseCache.swift */; };
		E160114A2F15EC5F00A3B10B /* PawPulseSettingsStore.swift in Sources */ = {isa = PBXBuildFile; fileRef = E16011492F15EC5D00A3B10B /* PawPulseSettingsStore.swift */; };
		E160114B2F15EC5F00A3B10B /* PawPulseSettingsStore.swift in Sources */ = {isa = PBXBuildFile; fileRef = E16011492F15EC5D00A3B10B /* PawPulseSettingsStore.swift */; };
		E160114E2F15EC9E00A3B10B /* PawPulseEngine.swift in Sources */ = {isa = PBXBuildFile; fileRef = E160114C2F15EC9C00A3B10B /* PawPulseEngine.swift */; };
		E16011512F15ECB600A3B10B /* PawPulseBackgroundTasks.swift in Sources */ = {isa = PBXBuildFile; fileRef = E160114F2F15ECB400A3B10B /* PawPulseBackgroundTasks.swift */; };
		E16011542F15ECCE00A3B10B /* PawPulseSettingsView.swift in Sources */ = {isa = PBXBuildFile; fileRef = E16011522F15ECCC00A3B10B /* PawPulseSettingsView.swift */; };
		E16011562F15ECE600A3B10B /* PawPulseLatestCatDetailView.swift in Sources */ = {isa = PBXBuildFile; fileRef = E16011552F15ECE400A3B10B /* PawPulseLatestCatDetailView.swift */; };
		E160115B2F16155300A3B10B /* ClipboardInboxStore.swift in Sources */ = {isa = PBXBuildFile; fileRef = E160115A2F16155000A3B10B /* ClipboardInboxStore.swift */; };
		E160115C2F16155300A3B10B /* ClipboardInboxStore.swift in Sources */ = {isa = PBXBuildFile; fileRef = E160115A2F16155000A3B10B /* ClipboardInboxStore.swift */; };
		E16011642F16173600A3B10B /* ScreenActionsCore in Frameworks */ = {isa = PBXBuildFile; productRef = E16011632F16173600A3B10B /* ScreenActionsCore */; };
		E16011682F18399700A3B10B /* WidgetWeaverFeatureFlags.swift in Sources */ = {isa = PBXBuildFile; fileRef = E16011672F18399400A3B10B /* WidgetWeaverFeatureFlags.swift */; };
		E16011692F18399700A3B10B /* WidgetWeaverFeatureFlags.swift in Sources */ = {isa = PBXBuildFile; fileRef = E16011672F18399400A3B10B /* WidgetWeaverFeatureFlags.swift */; };
		E160116B2F1839BC00A3B10B /* WidgetWeaverRemindersConfig.swift in Sources */ = {isa = PBXBuildFile; fileRef = E160116A2F1839B900A3B10B /* WidgetWeaverRemindersConfig.swift */; };
		E160116C2F1839BC00A3B10B /* WidgetWeaverRemindersConfig.swift in Sources */ = {isa = PBXBuildFile; fileRef = E160116A2F1839B900A3B10B /* WidgetWeaverRemindersConfig.swift */; };
		E16011782F19764C00A3B10B /* WidgetWeaverRemindersDebugStore.swift in Sources */ = {isa = PBXBuildFile; fileRef = E16011772F19764A00A3B10B /* WidgetWeaverRemindersDebugStore.swift */; };
		E16011792F19764C00A3B10B /* WidgetWeaverRemindersDebugStore.swift in Sources */ = {isa = PBXBuildFile; fileRef = E16011772F19764A00A3B10B /* WidgetWeaverRemindersDebugStore.swift */; };
		E160117F2F1985B500A3B10B /* WidgetWeaverRemindersModels.swift in Sources */ = {isa = PBXBuildFile; fileRef = E160117E2F1985B300A3B10B /* WidgetWeaverRemindersModels.swift */; };
		E16011802F1985B500A3B10B /* WidgetWeaverRemindersModels.swift in Sources */ = {isa = PBXBuildFile; fileRef = E160117E2F1985B300A3B10B /* WidgetWeaverRemindersModels.swift */; };
		E16011822F1985E900A3B10B /* WidgetWeaverRemindersStore.swift in Sources */ = {isa = PBXBuildFile; fileRef = E16011812F1985E600A3B10B /* WidgetWeaverRemindersStore.swift */; };
		E16011832F1985E900A3B10B /* WidgetWeaverRemindersStore.swift in Sources */ = {isa = PBXBuildFile; fileRef = E16011812F1985E600A3B10B /* WidgetWeaverRemindersStore.swift */; };
		E16011852F19C52B00A3B10B /* WidgetWeaverRemindersEngine.swift in Sources */ = {isa = PBXBuildFile; fileRef = E16011842F19C52800A3B10B /* WidgetWeaverRemindersEngine.swift */; };
		E16011862F19C52B00A3B10B /* WidgetWeaverRemindersEngine.swift in Sources */ = {isa = PBXBuildFile; fileRef = E16011842F19C52800A3B10B /* WidgetWeaverRemindersEngine.swift */; };
		E16D84692EF8B47900552DCF /* WWThumbnailRenderingPolicy.swift in Sources */ = {isa = PBXBuildFile; fileRef = E16D84682EF8B47700552DCF /* WWThumbnailRenderingPolicy.swift */; };
		E16D846A2EF8B47900552DCF /* WWThumbnailRenderingPolicy.swift in Sources */ = {isa = PBXBuildFile; fileRef = E16D84682EF8B47700552DCF /* WWThumbnailRenderingPolicy.swift */; };
		E16D846C2EF8E80B00552DCF /* WidgetWeaverRenderClock.swift in Sources */ = {isa = PBXBuildFile; fileRef = E16D846B2EF8E80800552DCF /* WidgetWeaverRenderClock.swift */; };
		E16D846D2EF8E80B00552DCF /* WidgetWeaverRenderClock.swift in Sources */ = {isa = PBXBuildFile; fileRef = E16D846B2EF8E80800552DCF /* WidgetWeaverRenderClock.swift */; };
		E1785EB52EF52A6F00F7D707 /* WidgetWeaverWeather.swift in Sources */ = {isa = PBXBuildFile; fileRef = E1785EB42EF52A6A00F7D707 /* WidgetWeaverWeather.swift */; };
		E1785EB62EF52A6F00F7D707 /* WidgetWeaverWeather.swift in Sources */ = {isa = PBXBuildFile; fileRef = E1785EB42EF52A6A00F7D707 /* WidgetWeaverWeather.swift */; };
		E1785EBC2EF628E300F7D707 /* WidgetWeaverWeatherTemplateView.swift in Sources */ = {isa = PBXBuildFile; fileRef = E1785EBB2EF628E100F7D707 /* WidgetWeaverWeatherTemplateView.swift */; };
		E1785EBD2EF628E300F7D707 /* WidgetWeaverWeatherTemplateView.swift in Sources */ = {isa = PBXBuildFile; fileRef = E1785EBB2EF628E100F7D707 /* WidgetWeaverWeatherTemplateView.swift */; };
		E18676912EF232180098B095 /* WidgetKit.framework in Frameworks */ = {isa = PBXBuildFile; fileRef = E18676902EF232180098B095 /* WidgetKit.framework */; };
		E18676932EF232180098B095 /* SwiftUI.framework in Frameworks */ = {isa = PBXBuildFile; fileRef = E18676922EF232180098B095 /* SwiftUI.framework */; };
		E186769E2EF2321A0098B095 /* WidgetWeaverWidgetExtension.appex in Embed Foundation Extensions */ = {isa = PBXBuildFile; fileRef = E186768E2EF232180098B095 /* WidgetWeaverWidgetExtension.appex */; settings = {ATTRIBUTES = (RemoveHeadersOnCopy, ); }; };
		E18676A82EF240B30098B095 /* AppGroup.swift in Sources */ = {isa = PBXBuildFile; fileRef = E18676A72EF240A70098B095 /* AppGroup.swift */; };
		E18676A92EF240B30098B095 /* AppGroup.swift in Sources */ = {isa = PBXBuildFile; fileRef = E18676A72EF240A70098B095 /* AppGroup.swift */; };
		E18676AB2EF240D30098B095 /* WidgetWeaverWidgetKinds.swift in Sources */ = {isa = PBXBuildFile; fileRef = E18676AA2EF240D00098B095 /* WidgetWeaverWidgetKinds.swift */; };
		E18676AC2EF240D30098B095 /* WidgetWeaverWidgetKinds.swift in Sources */ = {isa = PBXBuildFile; fileRef = E18676AA2EF240D00098B095 /* WidgetWeaverWidgetKinds.swift */; };
		E18676AE2EF240F10098B095 /* WidgetSpec.swift in Sources */ = {isa = PBXBuildFile; fileRef = E18676AD2EF240EE0098B095 /* WidgetSpec.swift */; };
		E18676AF2EF240F10098B095 /* WidgetSpec.swift in Sources */ = {isa = PBXBuildFile; fileRef = E18676AD2EF240EE0098B095 /* WidgetSpec.swift */; };
		E18676B12EF241160098B095 /* WidgetSpecStore.swift in Sources */ = {isa = PBXBuildFile; fileRef = E18676B02EF241130098B095 /* WidgetSpecStore.swift */; };
		E18676B22EF241160098B095 /* WidgetSpecStore.swift in Sources */ = {isa = PBXBuildFile; fileRef = E18676B02EF241130098B095 /* WidgetSpecStore.swift */; };
		E197A1012F0623DD00B415B8 /* RainSurfaceSeamlessNoiseTile.swift in Sources */ = {isa = PBXBuildFile; fileRef = E197A1002F0623DB00B415B8 /* RainSurfaceSeamlessNoiseTile.swift */; };
		E197A1022F0623DD00B415B8 /* RainSurfaceSeamlessNoiseTile.swift in Sources */ = {isa = PBXBuildFile; fileRef = E197A1002F0623DB00B415B8 /* RainSurfaceSeamlessNoiseTile.swift */; };
		E1A9B75F2F1568DB0096765D /* ScreenActionsCore in Frameworks */ = {isa = PBXBuildFile; productRef = E1A9B75E2F1568DB0096765D /* ScreenActionsCore */; };
		E1C834C82EFA5CFF00E3AA98 /* WidgetWeaverWeatherStore.swift in Sources */ = {isa = PBXBuildFile; fileRef = E1C834C72EFA5CFB00E3AA98 /* WidgetWeaverWeatherStore.swift */; };
		E1C834C92EFA5CFF00E3AA98 /* WidgetWeaverWeatherStore.swift in Sources */ = {isa = PBXBuildFile; fileRef = E1C834C72EFA5CFB00E3AA98 /* WidgetWeaverWeatherStore.swift */; };
		E1C834CB2EFA5D1B00E3AA98 /* WidgetWeaverWeatherEngine.swift in Sources */ = {isa = PBXBuildFile; fileRef = E1C834CA2EFA5D1800E3AA98 /* WidgetWeaverWeatherEngine.swift */; };
		E1C834CC2EFA5D1B00E3AA98 /* WidgetWeaverWeatherEngine.swift in Sources */ = {isa = PBXBuildFile; fileRef = E1C834CA2EFA5D1800E3AA98 /* WidgetWeaverWeatherEngine.swift */; };
		E1C834CE2EFAAF3900E3AA98 /* RainForecastSurfaceView.swift in Sources */ = {isa = PBXBuildFile; fileRef = E1C834CD2EFAAF3600E3AA98 /* RainForecastSurfaceView.swift */; };
		E1C834CF2EFAAF3900E3AA98 /* RainForecastSurfaceView.swift in Sources */ = {isa = PBXBuildFile; fileRef = E1C834CD2EFAAF3600E3AA98 /* RainForecastSurfaceView.swift */; };
		E1C834D12EFAB7CF00E3AA98 /* WidgetWeaverWeatherTemplateNowcastChart.swift in Sources */ = {isa = PBXBuildFile; fileRef = E1C834D02EFAB7CD00E3AA98 /* WidgetWeaverWeatherTemplateNowcastChart.swift */; };
		E1C834D22EFAB7CF00E3AA98 /* WidgetWeaverWeatherTemplateNowcastChart.swift in Sources */ = {isa = PBXBuildFile; fileRef = E1C834D02EFAB7CD00E3AA98 /* WidgetWeaverWeatherTemplateNowcastChart.swift */; };
		E1C834D42EFAB7F700E3AA98 /* WidgetWeaverWeatherTemplateHourlyStrip.swift in Sources */ = {isa = PBXBuildFile; fileRef = E1C834D32EFAB7F400E3AA98 /* WidgetWeaverWeatherTemplateHourlyStrip.swift */; };
		E1C834D52EFAB7F700E3AA98 /* WidgetWeaverWeatherTemplateHourlyStrip.swift in Sources */ = {isa = PBXBuildFile; fileRef = E1C834D32EFAB7F400E3AA98 /* WidgetWeaverWeatherTemplateHourlyStrip.swift */; };
		E1C834D72EFB33CA00E3AA98 /* RainForecastSurfaceRenderer.swift in Sources */ = {isa = PBXBuildFile; fileRef = E1C834D62EFB33C000E3AA98 /* RainForecastSurfaceRenderer.swift */; };
		E1C834D82EFB33CA00E3AA98 /* RainForecastSurfaceRenderer.swift in Sources */ = {isa = PBXBuildFile; fileRef = E1C834D62EFB33C000E3AA98 /* RainForecastSurfaceRenderer.swift */; };
		E1C834DA2EFB33F100E3AA98 /* RainSurfaceDrawing.swift in Sources */ = {isa = PBXBuildFile; fileRef = E1C834D92EFB33EF00E3AA98 /* RainSurfaceDrawing.swift */; };
		E1C834DB2EFB33F100E3AA98 /* RainSurfaceDrawing.swift in Sources */ = {isa = PBXBuildFile; fileRef = E1C834D92EFB33EF00E3AA98 /* RainSurfaceDrawing.swift */; };
		E1C834DD2EFB341500E3AA98 /* RainSurfaceGeometry.swift in Sources */ = {isa = PBXBuildFile; fileRef = E1C834DC2EFB341300E3AA98 /* RainSurfaceGeometry.swift */; };
		E1C834DE2EFB341500E3AA98 /* RainSurfaceGeometry.swift in Sources */ = {isa = PBXBuildFile; fileRef = E1C834DC2EFB341300E3AA98 /* RainSurfaceGeometry.swift */; };
		E1C834E02EFB343B00E3AA98 /* RainSurfaceMath.swift in Sources */ = {isa = PBXBuildFile; fileRef = E1C834DF2EFB343900E3AA98 /* RainSurfaceMath.swift */; };
		E1C834E12EFB343B00E3AA98 /* RainSurfaceMath.swift in Sources */ = {isa = PBXBuildFile; fileRef = E1C834DF2EFB343900E3AA98 /* RainSurfaceMath.swift */; };
		E1C834E32EFB345B00E3AA98 /* RainSurfacePRNG.swift in Sources */ = {isa = PBXBuildFile; fileRef = E1C834E22EFB345700E3AA98 /* RainSurfacePRNG.swift */; };
		E1C834E42EFB345B00E3AA98 /* RainSurfacePRNG.swift in Sources */ = {isa = PBXBuildFile; fileRef = E1C834E22EFB345700E3AA98 /* RainSurfacePRNG.swift */; };
		E1C834EA2EFB8FF200E3AA98 /* WidgetWeaverRuntime.swift in Sources */ = {isa = PBXBuildFile; fileRef = E1C834E92EFB8FEF00E3AA98 /* WidgetWeaverRuntime.swift */; };
		E1C834EB2EFB8FF200E3AA98 /* WidgetWeaverRuntime.swift in Sources */ = {isa = PBXBuildFile; fileRef = E1C834E92EFB8FEF00E3AA98 /* WidgetWeaverRuntime.swift */; };
		E1C835BD2EFF427200E3AA98 /* RainSurfaceStyleHarness.swift in Sources */ = {isa = PBXBuildFile; fileRef = E1C835BC2EFF427000E3AA98 /* RainSurfaceStyleHarness.swift */; };
		E1C835BE2EFF427300E3AA98 /* RainSurfaceStyleHarness.swift in Sources */ = {isa = PBXBuildFile; fileRef = E1C835BC2EFF427000E3AA98 /* RainSurfaceStyleHarness.swift */; };
		E1C835C42F0324B600E3AA98 /* RainSurfaceDrawing+Core.swift in Sources */ = {isa = PBXBuildFile; fileRef = E1C835C32F0324B300E3AA98 /* RainSurfaceDrawing+Core.swift */; };
		E1C835C52F0324B600E3AA98 /* RainSurfaceDrawing+Core.swift in Sources */ = {isa = PBXBuildFile; fileRef = E1C835C32F0324B300E3AA98 /* RainSurfaceDrawing+Core.swift */; };
		E1C835C72F03250800E3AA98 /* RainSurfaceDrawing+Fuzz.swift in Sources */ = {isa = PBXBuildFile; fileRef = E1C835C62F03250600E3AA98 /* RainSurfaceDrawing+Fuzz.swift */; };
		E1C835C82F03250800E3AA98 /* RainSurfaceDrawing+Fuzz.swift in Sources */ = {isa = PBXBuildFile; fileRef = E1C835C62F03250600E3AA98 /* RainSurfaceDrawing+Fuzz.swift */; };
		E1C835CA2F03256600E3AA98 /* RainSurfaceDrawing+Rim.swift in Sources */ = {isa = PBXBuildFile; fileRef = E1C835C92F03256400E3AA98 /* RainSurfaceDrawing+Rim.swift */; };
		E1C835CB2F03256600E3AA98 /* RainSurfaceDrawing+Rim.swift in Sources */ = {isa = PBXBuildFile; fileRef = E1C835C92F03256400E3AA98 /* RainSurfaceDrawing+Rim.swift */; };
		E1C835CD2F04E53400E3AA98 /* RainSurfaceDissipationNoise.swift in Sources */ = {isa = PBXBuildFile; fileRef = E1C835CC2F04E53100E3AA98 /* RainSurfaceDissipationNoise.swift */; };
		E1C835CE2F04E53400E3AA98 /* RainSurfaceDissipationNoise.swift in Sources */ = {isa = PBXBuildFile; fileRef = E1C835CC2F04E53100E3AA98 /* RainSurfaceDissipationNoise.swift */; };
		E1C835D22F050F5E00E3AA98 /* RainForecastSurfaceRenderer+Data.swift in Sources */ = {isa = PBXBuildFile; fileRef = E1C835D12F050F5B00E3AA98 /* RainForecastSurfaceRenderer+Data.swift */; };
		E1C835D32F050F5E00E3AA98 /* RainForecastSurfaceRenderer+Data.swift in Sources */ = {isa = PBXBuildFile; fileRef = E1C835D12F050F5B00E3AA98 /* RainForecastSurfaceRenderer+Data.swift */; };
		E1C835D52F050F8E00E3AA98 /* RainForecastSurfaceRenderer+Dissipation.swift in Sources */ = {isa = PBXBuildFile; fileRef = E1C835D42F050F8B00E3AA98 /* RainForecastSurfaceRenderer+Dissipation.swift */; };
		E1C835D62F050F8E00E3AA98 /* RainForecastSurfaceRenderer+Dissipation.swift in Sources */ = {isa = PBXBuildFile; fileRef = E1C835D42F050F8B00E3AA98 /* RainForecastSurfaceRenderer+Dissipation.swift */; };
		E1E8783C2F08606300C9AA14 /* WWClockDebugLog.swift in Sources */ = {isa = PBXBuildFile; fileRef = E1E8783B2F08606000C9AA14 /* WWClockDebugLog.swift */; };
		E1E8783D2F08606300C9AA14 /* WWClockDebugLog.swift in Sources */ = {isa = PBXBuildFile; fileRef = E1E8783B2F08606000C9AA14 /* WWClockDebugLog.swift */; };
		E1E878632F0B2E5B00C9AA14 /* AppGroupDarwinNotifications.swift in Sources */ = {isa = PBXBuildFile; fileRef = E1E878622F0B2E5900C9AA14 /* AppGroupDarwinNotifications.swift */; };
		E1E878642F0B2E5B00C9AA14 /* AppGroupDarwinNotifications.swift in Sources */ = {isa = PBXBuildFile; fileRef = E1E878622F0B2E5900C9AA14 /* AppGroupDarwinNotifications.swift */; };
		E1E87A0A2F0C417200C9AA14 /* SmartPhotoShuffleManifest.swift in Sources */ = {isa = PBXBuildFile; fileRef = E1E87A092F0C416E00C9AA14 /* SmartPhotoShuffleManifest.swift */; };
		E1E87A0B2F0C417200C9AA14 /* SmartPhotoShuffleManifest.swift in Sources */ = {isa = PBXBuildFile; fileRef = E1E87A092F0C416E00C9AA14 /* SmartPhotoShuffleManifest.swift */; };
		F6ECBBEF65AE4B1D9B5F5875 /* WidgetSpec+Utilities.swift in Sources */ = {isa = PBXBuildFile; fileRef = 77E885B08F744161B7F48C01 /* WidgetSpec+Utilities.swift */; };
		F82D89878FA14A7CBCC38F02 /* WidgetSpec+Style.swift in Sources */ = {isa = PBXBuildFile; fileRef = CEE533889D3E4CDE9E6BFFC1 /* WidgetSpec+Style.swift */; };
		FB02480D9D0241DE8CC3C347 /* WidgetSpec+Layout.swift in Sources */ = {isa = PBXBuildFile; fileRef = F07C4CE9A0B54FFCB5E36F8B /* WidgetSpec+Layout.swift */; };
/* End PBXBuildFile section */

/* Begin PBXContainerItemProxy section */
		E186769C2EF2321A0098B095 /* PBXContainerItemProxy */ = {
			isa = PBXContainerItemProxy;
			containerPortal = E18676702EF227C20098B095 /* Project object */;
			proxyType = 1;
			remoteGlobalIDString = E186768D2EF232180098B095;
			remoteInfo = WidgetWeaverWidgetExtension;
		};
		E1A9B4142F0F31720096765D /* PBXContainerItemProxy */ = {
			isa = PBXContainerItemProxy;
			containerPortal = E18676702EF227C20098B095 /* Project object */;
			proxyType = 1;
			remoteGlobalIDString = E18676772EF227C30098B095;
			remoteInfo = WidgetWeaver;
		};
		E1A9B44D2F1134A80096765D /* PBXContainerItemProxy */ = {
			isa = PBXContainerItemProxy;
			containerPortal = E18676702EF227C20098B095 /* Project object */;
			proxyType = 1;
			remoteGlobalIDString = E18676772EF227C30098B095;
			remoteInfo = WidgetWeaver;
		};
/* End PBXContainerItemProxy section */

/* Begin PBXCopyFilesBuildPhase section */
		E18676A32EF2321A0098B095 /* Embed Foundation Extensions */ = {
			isa = PBXCopyFilesBuildPhase;
			buildActionMask = 2147483647;
			dstPath = "";
			dstSubfolderSpec = 13;
			files = (
				E186769E2EF2321A0098B095 /* WidgetWeaverWidgetExtension.appex in Embed Foundation Extensions */,
			);
			name = "Embed Foundation Extensions";
			runOnlyForDeploymentPostprocessing = 0;
		};
/* End PBXCopyFilesBuildPhase section */

/* Begin PBXFileReference section */
		209AB46CCEC2437C8E0C282B /* WidgetSpec+Symbol.swift */ = {isa = PBXFileReference; lastKnownFileType = sourcecode.swift; path = "WidgetSpec+Symbol.swift"; sourceTree = "<group>"; };
		28FA1B0B8F684F39BFCEFE63 /* WidgetWeaverSpecView.swift */ = {isa = PBXFileReference; lastKnownFileType = sourcecode.swift; path = WidgetWeaverSpecView.swift; sourceTree = "<group>"; };
		77E885B08F744161B7F48C01 /* WidgetSpec+Utilities.swift */ = {isa = PBXFileReference; lastKnownFileType = sourcecode.swift; path = "WidgetSpec+Utilities.swift"; sourceTree = "<group>"; };
		C9FA7BC74A964A4FBFB0B8D9 /* WidgetSpec+Image.swift */ = {isa = PBXFileReference; lastKnownFileType = sourcecode.swift; path = "WidgetSpec+Image.swift"; sourceTree = "<group>"; };
		CEE533889D3E4CDE9E6BFFC1 /* WidgetSpec+Style.swift */ = {isa = PBXFileReference; lastKnownFileType = sourcecode.swift; path = "WidgetSpec+Style.swift"; sourceTree = "<group>"; };
		E12EAD562EF85ABE00A0E994 /* WidgetWeaverStepsAnalytics.swift */ = {isa = PBXFileReference; lastKnownFileType = sourcecode.swift; path = WidgetWeaverStepsAnalytics.swift; sourceTree = "<group>"; };
		E12EAD592EF85AE800A0E994 /* WidgetWeaverStepsEngine.swift */ = {isa = PBXFileReference; lastKnownFileType = sourcecode.swift; path = WidgetWeaverStepsEngine.swift; sourceTree = "<group>"; };
		E150471A2F1B02980047863A /* WidgetWeaverSpecView+BuildingBlocks.swift */ = {isa = PBXFileReference; lastKnownFileType = sourcecode.swift; path = "WidgetWeaverSpecView+BuildingBlocks.swift"; sourceTree = "<group>"; };
		E150471D2F1B02CD0047863A /* WidgetWeaverSpecView+Actions.swift */ = {isa = PBXFileReference; lastKnownFileType = sourcecode.swift; path = "WidgetWeaverSpecView+Actions.swift"; sourceTree = "<group>"; };
		E15047202F1B02E30047863A /* WidgetWeaverSpecView+Background.swift */ = {isa = PBXFileReference; lastKnownFileType = sourcecode.swift; path = "WidgetWeaverSpecView+Background.swift"; sourceTree = "<group>"; };
		E15047232F1B45F70047863A /* WidgetWeaverRemindersTemplateView.swift */ = {isa = PBXFileReference; lastKnownFileType = sourcecode.swift; path = WidgetWeaverRemindersTemplateView.swift; sourceTree = "<group>"; };
		E15B0BA92EF6CC8100760C03 /* WidgetWeaverWeatherTemplateHelpers.swift */ = {isa = PBXFileReference; lastKnownFileType = sourcecode.swift; path = WidgetWeaverWeatherTemplateHelpers.swift; sourceTree = "<group>"; };
		E15B0BAC2EF6CCC700760C03 /* WidgetWeaverWeatherTemplateModels.swift */ = {isa = PBXFileReference; lastKnownFileType = sourcecode.swift; path = WidgetWeaverWeatherTemplateModels.swift; sourceTree = "<group>"; };
		E15B0BAF2EF6CCE700760C03 /* WidgetWeaverWeatherTemplateLayouts.swift */ = {isa = PBXFileReference; lastKnownFileType = sourcecode.swift; path = WidgetWeaverWeatherTemplateLayouts.swift; sourceTree = "<group>"; };
		E15B0BB22EF6CD0500760C03 /* WidgetWeaverWeatherTemplateComponents.swift */ = {isa = PBXFileReference; lastKnownFileType = sourcecode.swift; path = WidgetWeaverWeatherTemplateComponents.swift; sourceTree = "<group>"; };
		E15B0BB62EF7141700760C03 /* WidgetWeaverCalendar.swift */ = {isa = PBXFileReference; lastKnownFileType = sourcecode.swift; path = WidgetWeaverCalendar.swift; sourceTree = "<group>"; };
		E15B0BC12EF78BE900760C03 /* WidgetWeaverSteps.swift */ = {isa = PBXFileReference; lastKnownFileType = sourcecode.swift; path = WidgetWeaverSteps.swift; sourceTree = "<group>"; };
		E16011432F15EC1000A3B10B /* PawPulseLatestItem.swift */ = {isa = PBXFileReference; lastKnownFileType = sourcecode.swift; path = PawPulseLatestItem.swift; sourceTree = "<group>"; };
		E16011462F15EC4200A3B10B /* PawPulseCache.swift */ = {isa = PBXFileReference; lastKnownFileType = sourcecode.swift; path = PawPulseCache.swift; sourceTree = "<group>"; };
		E16011492F15EC5D00A3B10B /* PawPulseSettingsStore.swift */ = {isa = PBXFileReference; lastKnownFileType = sourcecode.swift; path = PawPulseSettingsStore.swift; sourceTree = "<group>"; };
		E160114C2F15EC9C00A3B10B /* PawPulseEngine.swift */ = {isa = PBXFileReference; lastKnownFileType = sourcecode.swift; path = PawPulseEngine.swift; sourceTree = "<group>"; };
		E160114F2F15ECB400A3B10B /* PawPulseBackgroundTasks.swift */ = {isa = PBXFileReference; lastKnownFileType = sourcecode.swift; path = PawPulseBackgroundTasks.swift; sourceTree = "<group>"; };
		E16011522F15ECCC00A3B10B /* PawPulseSettingsView.swift */ = {isa = PBXFileReference; lastKnownFileType = sourcecode.swift; path = PawPulseSettingsView.swift; sourceTree = "<group>"; };
		E16011552F15ECE400A3B10B /* PawPulseLatestCatDetailView.swift */ = {isa = PBXFileReference; lastKnownFileType = sourcecode.swift; path = PawPulseLatestCatDetailView.swift; sourceTree = "<group>"; };
		E160115A2F16155000A3B10B /* ClipboardInboxStore.swift */ = {isa = PBXFileReference; lastKnownFileType = sourcecode.swift; path = ClipboardInboxStore.swift; sourceTree = "<group>"; };
		E16011672F18399400A3B10B /* WidgetWeaverFeatureFlags.swift */ = {isa = PBXFileReference; lastKnownFileType = sourcecode.swift; path = WidgetWeaverFeatureFlags.swift; sourceTree = "<group>"; };
		E160116A2F1839B900A3B10B /* WidgetWeaverRemindersConfig.swift */ = {isa = PBXFileReference; lastKnownFileType = sourcecode.swift; path = WidgetWeaverRemindersConfig.swift; sourceTree = "<group>"; };
		E16011772F19764A00A3B10B /* WidgetWeaverRemindersDebugStore.swift */ = {isa = PBXFileReference; lastKnownFileType = sourcecode.swift; path = WidgetWeaverRemindersDebugStore.swift; sourceTree = "<group>"; };
		E160117E2F1985B300A3B10B /* WidgetWeaverRemindersModels.swift */ = {isa = PBXFileReference; lastKnownFileType = sourcecode.swift; path = WidgetWeaverRemindersModels.swift; sourceTree = "<group>"; };
		E16011812F1985E600A3B10B /* WidgetWeaverRemindersStore.swift */ = {isa = PBXFileReference; lastKnownFileType = sourcecode.swift; path = WidgetWeaverRemindersStore.swift; sourceTree = "<group>"; };
		E16011842F19C52800A3B10B /* WidgetWeaverRemindersEngine.swift */ = {isa = PBXFileReference; lastKnownFileType = sourcecode.swift; path = WidgetWeaverRemindersEngine.swift; sourceTree = "<group>"; };
		E16D84682EF8B47700552DCF /* WWThumbnailRenderingPolicy.swift */ = {isa = PBXFileReference; lastKnownFileType = sourcecode.swift; path = WWThumbnailRenderingPolicy.swift; sourceTree = "<group>"; };
		E16D846B2EF8E80800552DCF /* WidgetWeaverRenderClock.swift */ = {isa = PBXFileReference; lastKnownFileType = sourcecode.swift; path = WidgetWeaverRenderClock.swift; sourceTree = "<group>"; };
		E1785EB42EF52A6A00F7D707 /* WidgetWeaverWeather.swift */ = {isa = PBXFileReference; lastKnownFileType = sourcecode.swift; path = WidgetWeaverWeather.swift; sourceTree = "<group>"; };
		E1785EBB2EF628E100F7D707 /* WidgetWeaverWeatherTemplateView.swift */ = {isa = PBXFileReference; lastKnownFileType = sourcecode.swift; path = WidgetWeaverWeatherTemplateView.swift; sourceTree = "<group>"; };
		E18676782EF227C30098B095 /* WidgetWeaver.app */ = {isa = PBXFileReference; explicitFileType = wrapper.application; includeInIndex = 0; path = WidgetWeaver.app; sourceTree = BUILT_PRODUCTS_DIR; };
		E186768E2EF232180098B095 /* WidgetWeaverWidgetExtension.appex */ = {isa = PBXFileReference; explicitFileType = "wrapper.app-extension"; includeInIndex = 0; path = WidgetWeaverWidgetExtension.appex; sourceTree = BUILT_PRODUCTS_DIR; };
		E18676902EF232180098B095 /* WidgetKit.framework */ = {isa = PBXFileReference; lastKnownFileType = wrapper.framework; name = WidgetKit.framework; path = System/Library/Frameworks/WidgetKit.framework; sourceTree = SDKROOT; };
		E18676922EF232180098B095 /* SwiftUI.framework */ = {isa = PBXFileReference; lastKnownFileType = wrapper.framework; name = SwiftUI.framework; path = System/Library/Frameworks/SwiftUI.framework; sourceTree = SDKROOT; };
		E18676A72EF240A70098B095 /* AppGroup.swift */ = {isa = PBXFileReference; lastKnownFileType = sourcecode.swift; path = AppGroup.swift; sourceTree = "<group>"; };
		E18676AA2EF240D00098B095 /* WidgetWeaverWidgetKinds.swift */ = {isa = PBXFileReference; lastKnownFileType = sourcecode.swift; path = WidgetWeaverWidgetKinds.swift; sourceTree = "<group>"; };
		E18676AD2EF240EE0098B095 /* WidgetSpec.swift */ = {isa = PBXFileReference; lastKnownFileType = sourcecode.swift; path = WidgetSpec.swift; sourceTree = "<group>"; };
		E18676B02EF241130098B095 /* WidgetSpecStore.swift */ = {isa = PBXFileReference; lastKnownFileType = sourcecode.swift; path = WidgetSpecStore.swift; sourceTree = "<group>"; };
		E197A1002F0623DB00B415B8 /* RainSurfaceSeamlessNoiseTile.swift */ = {isa = PBXFileReference; lastKnownFileType = sourcecode.swift; path = RainSurfaceSeamlessNoiseTile.swift; sourceTree = "<group>"; };
		E1A9B4102F0F31720096765D /* WidgetWeaverTests.xctest */ = {isa = PBXFileReference; explicitFileType = wrapper.cfbundle; includeInIndex = 0; path = WidgetWeaverTests.xctest; sourceTree = BUILT_PRODUCTS_DIR; };
		E1A9B4472F1134A80096765D /* WidgetWeaverUITests.xctest */ = {isa = PBXFileReference; explicitFileType = wrapper.cfbundle; includeInIndex = 0; path = WidgetWeaverUITests.xctest; sourceTree = BUILT_PRODUCTS_DIR; };
		E1C834C72EFA5CFB00E3AA98 /* WidgetWeaverWeatherStore.swift */ = {isa = PBXFileReference; lastKnownFileType = sourcecode.swift; path = WidgetWeaverWeatherStore.swift; sourceTree = "<group>"; };
		E1C834CA2EFA5D1800E3AA98 /* WidgetWeaverWeatherEngine.swift */ = {isa = PBXFileReference; lastKnownFileType = sourcecode.swift; path = WidgetWeaverWeatherEngine.swift; sourceTree = "<group>"; };
		E1C834CD2EFAAF3600E3AA98 /* RainForecastSurfaceView.swift */ = {isa = PBXFileReference; lastKnownFileType = sourcecode.swift; path = RainForecastSurfaceView.swift; sourceTree = "<group>"; };
		E1C834D02EFAB7CD00E3AA98 /* WidgetWeaverWeatherTemplateNowcastChart.swift */ = {isa = PBXFileReference; lastKnownFileType = sourcecode.swift; path = WidgetWeaverWeatherTemplateNowcastChart.swift; sourceTree = "<group>"; };
		E1C834D32EFAB7F400E3AA98 /* WidgetWeaverWeatherTemplateHourlyStrip.swift */ = {isa = PBXFileReference; lastKnownFileType = sourcecode.swift; path = WidgetWeaverWeatherTemplateHourlyStrip.swift; sourceTree = "<group>"; };
		E1C834D62EFB33C000E3AA98 /* RainForecastSurfaceRenderer.swift */ = {isa = PBXFileReference; lastKnownFileType = sourcecode.swift; path = RainForecastSurfaceRenderer.swift; sourceTree = "<group>"; };
		E1C834D92EFB33EF00E3AA98 /* RainSurfaceDrawing.swift */ = {isa = PBXFileReference; lastKnownFileType = sourcecode.swift; path = RainSurfaceDrawing.swift; sourceTree = "<group>"; };
		E1C834DC2EFB341300E3AA98 /* RainSurfaceGeometry.swift */ = {isa = PBXFileReference; lastKnownFileType = sourcecode.swift; path = RainSurfaceGeometry.swift; sourceTree = "<group>"; };
		E1C834DF2EFB343900E3AA98 /* RainSurfaceMath.swift */ = {isa = PBXFileReference; lastKnownFileType = sourcecode.swift; path = RainSurfaceMath.swift; sourceTree = "<group>"; };
		E1C834E22EFB345700E3AA98 /* RainSurfacePRNG.swift */ = {isa = PBXFileReference; lastKnownFileType = sourcecode.swift; path = RainSurfacePRNG.swift; sourceTree = "<group>"; };
		E1C834E92EFB8FEF00E3AA98 /* WidgetWeaverRuntime.swift */ = {isa = PBXFileReference; lastKnownFileType = sourcecode.swift; path = WidgetWeaverRuntime.swift; sourceTree = "<group>"; };
		E1C835BC2EFF427000E3AA98 /* RainSurfaceStyleHarness.swift */ = {isa = PBXFileReference; lastKnownFileType = sourcecode.swift; path = RainSurfaceStyleHarness.swift; sourceTree = "<group>"; };
		E1C835C32F0324B300E3AA98 /* RainSurfaceDrawing+Core.swift */ = {isa = PBXFileReference; lastKnownFileType = sourcecode.swift; path = "RainSurfaceDrawing+Core.swift"; sourceTree = "<group>"; };
		E1C835C62F03250600E3AA98 /* RainSurfaceDrawing+Fuzz.swift */ = {isa = PBXFileReference; lastKnownFileType = sourcecode.swift; path = "RainSurfaceDrawing+Fuzz.swift"; sourceTree = "<group>"; };
		E1C835C92F03256400E3AA98 /* RainSurfaceDrawing+Rim.swift */ = {isa = PBXFileReference; lastKnownFileType = sourcecode.swift; path = "RainSurfaceDrawing+Rim.swift"; sourceTree = "<group>"; };
		E1C835CC2F04E53100E3AA98 /* RainSurfaceDissipationNoise.swift */ = {isa = PBXFileReference; lastKnownFileType = sourcecode.swift; path = RainSurfaceDissipationNoise.swift; sourceTree = "<group>"; };
		E1C835D12F050F5B00E3AA98 /* RainForecastSurfaceRenderer+Data.swift */ = {isa = PBXFileReference; lastKnownFileType = sourcecode.swift; path = "RainForecastSurfaceRenderer+Data.swift"; sourceTree = "<group>"; };
		E1C835D42F050F8B00E3AA98 /* RainForecastSurfaceRenderer+Dissipation.swift */ = {isa = PBXFileReference; lastKnownFileType = sourcecode.swift; path = "RainForecastSurfaceRenderer+Dissipation.swift"; sourceTree = "<group>"; };
		E1E877872F07162D00C9AA14 /* README.md */ = {isa = PBXFileReference; lastKnownFileType = net.daringfireball.markdown; path = README.md; sourceTree = "<group>"; };
		E1E8783B2F08606000C9AA14 /* WWClockDebugLog.swift */ = {isa = PBXFileReference; lastKnownFileType = sourcecode.swift; path = WWClockDebugLog.swift; sourceTree = "<group>"; };
		E1E878622F0B2E5900C9AA14 /* AppGroupDarwinNotifications.swift */ = {isa = PBXFileReference; lastKnownFileType = sourcecode.swift; path = AppGroupDarwinNotifications.swift; sourceTree = "<group>"; };
		E1E87A092F0C416E00C9AA14 /* SmartPhotoShuffleManifest.swift */ = {isa = PBXFileReference; lastKnownFileType = sourcecode.swift; path = SmartPhotoShuffleManifest.swift; sourceTree = "<group>"; };
		F07C4CE9A0B54FFCB5E36F8B /* WidgetSpec+Layout.swift */ = {isa = PBXFileReference; lastKnownFileType = sourcecode.swift; path = "WidgetSpec+Layout.swift"; sourceTree = "<group>"; };
/* End PBXFileReference section */

/* Begin PBXFileSystemSynchronizedBuildFileExceptionSet section */
		E18676892EF22EA40098B095 /* Exceptions for "WidgetWeaver" folder in "WidgetWeaver" target */ = {
			isa = PBXFileSystemSynchronizedBuildFileExceptionSet;
			membershipExceptions = (
				Info.plist,
			);
			target = E18676772EF227C30098B095 /* WidgetWeaver */;
		};
		E18676A22EF2321A0098B095 /* Exceptions for "WidgetWeaverWidget" folder in "WidgetWeaverWidgetExtension" target */ = {
			isa = PBXFileSystemSynchronizedBuildFileExceptionSet;
			membershipExceptions = (
				Info.plist,
			);
			target = E186768D2EF232180098B095 /* WidgetWeaverWidgetExtension */;
		};
		E197A1042F06EF8200B415B8 /* Exceptions for "WidgetWeaverWidget" folder in "WidgetWeaver" target */ = {
			isa = PBXFileSystemSynchronizedBuildFileExceptionSet;
			membershipExceptions = (
				"Clock/WWClockSecondHand-Regular.ttf",
			);
			target = E18676772EF227C30098B095 /* WidgetWeaver */;
		};
		E1A9B4522F1134E60096765D /* Exceptions for "WidgetWeaverTests" folder in "WidgetWeaverTests" target */ = {
			isa = PBXFileSystemSynchronizedBuildFileExceptionSet;
			membershipExceptions = (
				EditorFocusSwitchingSmokeUITests.swift,
			);
			target = E1A9B40F2F0F31720096765D /* WidgetWeaverTests */;
		};
		E1A9B4542F1134EB0096765D /* Exceptions for "WidgetWeaverTests" folder in "WidgetWeaverUITests" target */ = {
			isa = PBXFileSystemSynchronizedBuildFileExceptionSet;
			membershipExceptions = (
				EditorFocusSwitchingSmokeUITests.swift,
			);
			target = E1A9B4462F1134A80096765D /* WidgetWeaverUITests */;
		};
		E1E878352F082A5700C9AA14 /* Exceptions for "NoiseMachine" folder in "WidgetWeaverWidgetExtension" target */ = {
			isa = PBXFileSystemSynchronizedBuildFileExceptionSet;
			membershipExceptions = (
				"WidgetWeaverAboutView+NoiseMachineSection.swift",
			);
			target = E186768D2EF232180098B095 /* WidgetWeaverWidgetExtension */;
		};
/* End PBXFileSystemSynchronizedBuildFileExceptionSet section */

/* Begin PBXFileSystemSynchronizedRootGroup section */
		E16011732F19618B00A3B10B /* Scripts */ = {
			isa = PBXFileSystemSynchronizedRootGroup;
			path = Scripts;
			sourceTree = "<group>";
		};
		E186767A2EF227C30098B095 /* WidgetWeaver */ = {
			isa = PBXFileSystemSynchronizedRootGroup;
			exceptions = (
				E18676892EF22EA40098B095 /* Exceptions for "WidgetWeaver" folder in "WidgetWeaver" target */,
			);
			path = WidgetWeaver;
			sourceTree = "<group>";
		};
		E18676942EF232180098B095 /* WidgetWeaverWidget */ = {
			isa = PBXFileSystemSynchronizedRootGroup;
			exceptions = (
				E197A1042F06EF8200B415B8 /* Exceptions for "WidgetWeaverWidget" folder in "WidgetWeaver" target */,
				E18676A22EF2321A0098B095 /* Exceptions for "WidgetWeaverWidget" folder in "WidgetWeaverWidgetExtension" target */,
			);
			path = WidgetWeaverWidget;
			sourceTree = "<group>";
		};
		E1A9B4112F0F31720096765D /* WidgetWeaverTests */ = {
			isa = PBXFileSystemSynchronizedRootGroup;
			exceptions = (
				E1A9B4522F1134E60096765D /* Exceptions for "WidgetWeaverTests" folder in "WidgetWeaverTests" target */,
				E1A9B4542F1134EB0096765D /* Exceptions for "WidgetWeaverTests" folder in "WidgetWeaverUITests" target */,
			);
			path = WidgetWeaverTests;
			sourceTree = "<group>";
		};
		E1A9B4482F1134A80096765D /* WidgetWeaverUITests */ = {
			isa = PBXFileSystemSynchronizedRootGroup;
			path = WidgetWeaverUITests;
			sourceTree = "<group>";
		};
		E1E878082F0787DD00C9AA14 /* Tools */ = {
			isa = PBXFileSystemSynchronizedRootGroup;
			path = Tools;
			sourceTree = "<group>";
		};
		E1E8780F2F08056900C9AA14 /* NoiseMachine */ = {
			isa = PBXFileSystemSynchronizedRootGroup;
			exceptions = (
				E1E878352F082A5700C9AA14 /* Exceptions for "NoiseMachine" folder in "WidgetWeaverWidgetExtension" target */,
			);
			path = NoiseMachine;
			sourceTree = "<group>";
		};
/* End PBXFileSystemSynchronizedRootGroup section */

/* Begin PBXFrameworksBuildPhase section */
		E18676752EF227C30098B095 /* Frameworks */ = {
			isa = PBXFrameworksBuildPhase;
			buildActionMask = 2147483647;
			files = (
				E1A9B75F2F1568DB0096765D /* ScreenActionsCore in Frameworks */,
			);
			runOnlyForDeploymentPostprocessing = 0;
		};
		E186768B2EF232180098B095 /* Frameworks */ = {
			isa = PBXFrameworksBuildPhase;
			buildActionMask = 2147483647;
			files = (
				E18676912EF232180098B095 /* WidgetKit.framework in Frameworks */,
				E16011642F16173600A3B10B /* ScreenActionsCore in Frameworks */,
				E18676932EF232180098B095 /* SwiftUI.framework in Frameworks */,
			);
			runOnlyForDeploymentPostprocessing = 0;
		};
		E1A9B40D2F0F31720096765D /* Frameworks */ = {
			isa = PBXFrameworksBuildPhase;
			buildActionMask = 2147483647;
			files = (
			);
			runOnlyForDeploymentPostprocessing = 0;
		};
		E1A9B4442F1134A80096765D /* Frameworks */ = {
			isa = PBXFrameworksBuildPhase;
			buildActionMask = 2147483647;
			files = (
			);
			runOnlyForDeploymentPostprocessing = 0;
		};
/* End PBXFrameworksBuildPhase section */

/* Begin PBXGroup section */
		E186766E2EF227C20098B095 = {
			isa = PBXGroup;
			children = (
				E16011732F19618B00A3B10B /* Scripts */,
				E186767A2EF227C30098B095 /* WidgetWeaver */,
				E18676942EF232180098B095 /* WidgetWeaverWidget */,
				E18676A62EF240690098B095 /* Shared */,
				E1A9B4112F0F31720096765D /* WidgetWeaverTests */,
				E1A9B4482F1134A80096765D /* WidgetWeaverUITests */,
				E18676792EF227C30098B095 /* Products */,
				E186768F2EF232180098B095 /* Frameworks */,
				E1E878082F0787DD00C9AA14 /* Tools */,
				E1E877872F07162D00C9AA14 /* README.md */,
			);
			sourceTree = "<group>";
		};
		E18676792EF227C30098B095 /* Products */ = {
			isa = PBXGroup;
			children = (
				E18676782EF227C30098B095 /* WidgetWeaver.app */,
				E186768E2EF232180098B095 /* WidgetWeaverWidgetExtension.appex */,
				E1A9B4102F0F31720096765D /* WidgetWeaverTests.xctest */,
				E1A9B4472F1134A80096765D /* WidgetWeaverUITests.xctest */,
			);
			name = Products;
			sourceTree = "<group>";
		};
		E186768F2EF232180098B095 /* Frameworks */ = {
			isa = PBXGroup;
			children = (
				E18676902EF232180098B095 /* WidgetKit.framework */,
				E18676922EF232180098B095 /* SwiftUI.framework */,
			);
			name = Frameworks;
			sourceTree = "<group>";
		};
		E18676A62EF240690098B095 /* Shared */ = {
			isa = PBXGroup;
			children = (
				E18676A72EF240A70098B095 /* AppGroup.swift */,
				E1E878622F0B2E5900C9AA14 /* AppGroupDarwinNotifications.swift */,
				E160115A2F16155000A3B10B /* ClipboardInboxStore.swift */,
				E1E8780F2F08056900C9AA14 /* NoiseMachine */,
				E160114F2F15ECB400A3B10B /* PawPulseBackgroundTasks.swift */,
				E16011462F15EC4200A3B10B /* PawPulseCache.swift */,
				E160114C2F15EC9C00A3B10B /* PawPulseEngine.swift */,
				E16011552F15ECE400A3B10B /* PawPulseLatestCatDetailView.swift */,
				E16011432F15EC1000A3B10B /* PawPulseLatestItem.swift */,
				E16011492F15EC5D00A3B10B /* PawPulseSettingsStore.swift */,
				E16011522F15ECCC00A3B10B /* PawPulseSettingsView.swift */,
				E1C834D62EFB33C000E3AA98 /* RainForecastSurfaceRenderer.swift */,
				E1C835D12F050F5B00E3AA98 /* RainForecastSurfaceRenderer+Data.swift */,
				E1C835D42F050F8B00E3AA98 /* RainForecastSurfaceRenderer+Dissipation.swift */,
				E1C834CD2EFAAF3600E3AA98 /* RainForecastSurfaceView.swift */,
				E1C835CC2F04E53100E3AA98 /* RainSurfaceDissipationNoise.swift */,
				E1C834D92EFB33EF00E3AA98 /* RainSurfaceDrawing.swift */,
				E1C835C32F0324B300E3AA98 /* RainSurfaceDrawing+Core.swift */,
				E1C835C62F03250600E3AA98 /* RainSurfaceDrawing+Fuzz.swift */,
				E1C835C92F03256400E3AA98 /* RainSurfaceDrawing+Rim.swift */,
				E1C834DC2EFB341300E3AA98 /* RainSurfaceGeometry.swift */,
				E1C834DF2EFB343900E3AA98 /* RainSurfaceMath.swift */,
				E1C834E22EFB345700E3AA98 /* RainSurfacePRNG.swift */,
				E197A1002F0623DB00B415B8 /* RainSurfaceSeamlessNoiseTile.swift */,
				E1C835BC2EFF427000E3AA98 /* RainSurfaceStyleHarness.swift */,
				E1E87A092F0C416E00C9AA14 /* SmartPhotoShuffleManifest.swift */,
				E18676AD2EF240EE0098B095 /* WidgetSpec.swift */,
				C9FA7BC74A964A4FBFB0B8D9 /* WidgetSpec+Image.swift */,
				F07C4CE9A0B54FFCB5E36F8B /* WidgetSpec+Layout.swift */,
				CEE533889D3E4CDE9E6BFFC1 /* WidgetSpec+Style.swift */,
				209AB46CCEC2437C8E0C282B /* WidgetSpec+Symbol.swift */,
				77E885B08F744161B7F48C01 /* WidgetSpec+Utilities.swift */,
				E18676B02EF241130098B095 /* WidgetSpecStore.swift */,
				E15B0BB62EF7141700760C03 /* WidgetWeaverCalendar.swift */,
				E16011672F18399400A3B10B /* WidgetWeaverFeatureFlags.swift */,
				E160116A2F1839B900A3B10B /* WidgetWeaverRemindersConfig.swift */,
				E16011772F19764A00A3B10B /* WidgetWeaverRemindersDebugStore.swift */,
				E16011842F19C52800A3B10B /* WidgetWeaverRemindersEngine.swift */,
				E160117E2F1985B300A3B10B /* WidgetWeaverRemindersModels.swift */,
				E16011812F1985E600A3B10B /* WidgetWeaverRemindersStore.swift */,
				E15047232F1B45F70047863A /* WidgetWeaverRemindersTemplateView.swift */,
				E16D846B2EF8E80800552DCF /* WidgetWeaverRenderClock.swift */,
				E1C834E92EFB8FEF00E3AA98 /* WidgetWeaverRuntime.swift */,
				28FA1B0B8F684F39BFCEFE63 /* WidgetWeaverSpecView.swift */,
				E150471D2F1B02CD0047863A /* WidgetWeaverSpecView+Actions.swift */,
				E15047202F1B02E30047863A /* WidgetWeaverSpecView+Background.swift */,
				E150471A2F1B02980047863A /* WidgetWeaverSpecView+BuildingBlocks.swift */,
				E15B0BC12EF78BE900760C03 /* WidgetWeaverSteps.swift */,
				E12EAD562EF85ABE00A0E994 /* WidgetWeaverStepsAnalytics.swift */,
				E12EAD592EF85AE800A0E994 /* WidgetWeaverStepsEngine.swift */,
				E1785EB42EF52A6A00F7D707 /* WidgetWeaverWeather.swift */,
				E1C834CA2EFA5D1800E3AA98 /* WidgetWeaverWeatherEngine.swift */,
				E1C834C72EFA5CFB00E3AA98 /* WidgetWeaverWeatherStore.swift */,
				E15B0BB22EF6CD0500760C03 /* WidgetWeaverWeatherTemplateComponents.swift */,
				E15B0BA92EF6CC8100760C03 /* WidgetWeaverWeatherTemplateHelpers.swift */,
				E1C834D32EFAB7F400E3AA98 /* WidgetWeaverWeatherTemplateHourlyStrip.swift */,
				E15B0BAF2EF6CCE700760C03 /* WidgetWeaverWeatherTemplateLayouts.swift */,
				E15B0BAC2EF6CCC700760C03 /* WidgetWeaverWeatherTemplateModels.swift */,
				E1C834D02EFAB7CD00E3AA98 /* WidgetWeaverWeatherTemplateNowcastChart.swift */,
				E1785EBB2EF628E100F7D707 /* WidgetWeaverWeatherTemplateView.swift */,
				E18676AA2EF240D00098B095 /* WidgetWeaverWidgetKinds.swift */,
				E1E8783B2F08606000C9AA14 /* WWClockDebugLog.swift */,
				E16D84682EF8B47700552DCF /* WWThumbnailRenderingPolicy.swift */,
			);
			path = Shared;
			sourceTree = "<group>";
		};
/* End PBXGroup section */

/* Begin PBXNativeTarget section */
		E18676772EF227C30098B095 /* WidgetWeaver */ = {
			isa = PBXNativeTarget;
			buildConfigurationList = E18676832EF227C80098B095 /* Build configuration list for PBXNativeTarget "WidgetWeaver" */;
			buildPhases = (
				E18676742EF227C30098B095 /* Sources */,
				E18676752EF227C30098B095 /* Frameworks */,
				E18676762EF227C30098B095 /* Resources */,
				E18676A32EF2321A0098B095 /* Embed Foundation Extensions */,
			);
			buildRules = (
			);
			dependencies = (
				E186769D2EF2321A0098B095 /* PBXTargetDependency */,
			);
			fileSystemSynchronizedGroups = (
				E16011732F19618B00A3B10B /* Scripts */,
				E186767A2EF227C30098B095 /* WidgetWeaver */,
				E1E878082F0787DD00C9AA14 /* Tools */,
				E1E8780F2F08056900C9AA14 /* NoiseMachine */,
			);
			name = WidgetWeaver;
			productName = WidgetWeaver;
			productReference = E18676782EF227C30098B095 /* WidgetWeaver.app */;
			productType = "com.apple.product-type.application";
		};
		E186768D2EF232180098B095 /* WidgetWeaverWidgetExtension */ = {
			isa = PBXNativeTarget;
			buildConfigurationList = E18676992EF232180098B095 /* Build configuration list for PBXNativeTarget "WidgetWeaverWidgetExtension" */;
			buildPhases = (
				E186768A2EF232180098B095 /* Sources */,
				E186768B2EF232180098B095 /* Frameworks */,
				E186768C2EF232180098B095 /* Resources */,
			);
			buildRules = (
			);
			dependencies = (
			);
			fileSystemSynchronizedGroups = (
				E18676942EF232180098B095 /* WidgetWeaverWidget */,
				E1E8780F2F08056900C9AA14 /* NoiseMachine */,
			);
			name = WidgetWeaverWidgetExtension;
			productName = WidgetWeaverWidgetExtension;
			productReference = E186768E2EF232180098B095 /* WidgetWeaverWidgetExtension.appex */;
			productType = "com.apple.product-type.app-extension";
		};
		E1A9B40F2F0F31720096765D /* WidgetWeaverTests */ = {
			isa = PBXNativeTarget;
			buildConfigurationList = E1A9B4162F0F31720096765D /* Build configuration list for PBXNativeTarget "WidgetWeaverTests" */;
			buildPhases = (
				E1A9B40C2F0F31720096765D /* Sources */,
				E1A9B40D2F0F31720096765D /* Frameworks */,
				E1A9B40E2F0F31720096765D /* Resources */,
			);
			buildRules = (
			);
			dependencies = (
				E1A9B4152F0F31720096765D /* PBXTargetDependency */,
			);
			fileSystemSynchronizedGroups = (
				E1A9B4112F0F31720096765D /* WidgetWeaverTests */,
			);
			name = WidgetWeaverTests;
			packageProductDependencies = (
			);
			productName = WidgetWeaverTests;
			productReference = E1A9B4102F0F31720096765D /* WidgetWeaverTests.xctest */;
			productType = "com.apple.product-type.bundle.unit-test";
		};
		E1A9B4462F1134A80096765D /* WidgetWeaverUITests */ = {
			isa = PBXNativeTarget;
			buildConfigurationList = E1A9B44F2F1134A80096765D /* Build configuration list for PBXNativeTarget "WidgetWeaverUITests" */;
			buildPhases = (
				E1A9B4432F1134A80096765D /* Sources */,
				E1A9B4442F1134A80096765D /* Frameworks */,
				E1A9B4452F1134A80096765D /* Resources */,
			);
			buildRules = (
			);
			dependencies = (
				E1A9B44E2F1134A80096765D /* PBXTargetDependency */,
			);
			fileSystemSynchronizedGroups = (
				E1A9B4482F1134A80096765D /* WidgetWeaverUITests */,
			);
			name = WidgetWeaverUITests;
			packageProductDependencies = (
			);
			productName = WidgetWeaverUITests;
			productReference = E1A9B4472F1134A80096765D /* WidgetWeaverUITests.xctest */;
			productType = "com.apple.product-type.bundle.ui-testing";
		};
/* End PBXNativeTarget section */

/* Begin PBXProject section */
		E18676702EF227C20098B095 /* Project object */ = {
			isa = PBXProject;
			attributes = {
				BuildIndependentTargetsInParallel = YES;
				LastSwiftUpdateCheck = 2600;
				LastUpgradeCheck = 2600;
				TargetAttributes = {
					E18676772EF227C30098B095 = {
						CreatedOnToolsVersion = 16.2;
					};
					E186768D2EF232180098B095 = {
						CreatedOnToolsVersion = 16.2;
					};
					E1A9B40F2F0F31720096765D = {
						CreatedOnToolsVersion = 26.0;
						TestTargetID = E18676772EF227C30098B095;
					};
					E1A9B4462F1134A80096765D = {
						CreatedOnToolsVersion = 26.0;
						TestTargetID = E18676772EF227C30098B095;
					};
				};
			};
			buildConfigurationList = E18676732EF227C30098B095 /* Build configuration list for PBXProject "WidgetWeaver" */;
			developmentRegion = en;
			hasScannedForEncodings = 0;
			knownRegions = (
				en,
				Base,
			);
			mainGroup = E186766E2EF227C20098B095;
			packageReferences = (
				E1A9B75D2F1568DB0096765D /* XCLocalSwiftPackageReference "../ScreenActions-clone/ScreenActionsCore" */,
			);
			preferredProjectObjectVersion = 77;
			productRefGroup = E18676792EF227C30098B095 /* Products */;
			projectDirPath = "";
			projectRoot = "";
			targets = (
				E18676772EF227C30098B095 /* WidgetWeaver */,
				E186768D2EF232180098B095 /* WidgetWeaverWidgetExtension */,
				E1A9B40F2F0F31720096765D /* WidgetWeaverTests */,
				E1A9B4462F1134A80096765D /* WidgetWeaverUITests */,
			);
		};
/* End PBXProject section */

/* Begin PBXResourcesBuildPhase section */
		E18676762EF227C30098B095 /* Resources */ = {
			isa = PBXResourcesBuildPhase;
			buildActionMask = 2147483647;
			files = (
			);
			runOnlyForDeploymentPostprocessing = 0;
		};
		E186768C2EF232180098B095 /* Resources */ = {
			isa = PBXResourcesBuildPhase;
			buildActionMask = 2147483647;
			files = (
			);
			runOnlyForDeploymentPostprocessing = 0;
		};
		E1A9B40E2F0F31720096765D /* Resources */ = {
			isa = PBXResourcesBuildPhase;
			buildActionMask = 2147483647;
			files = (
			);
			runOnlyForDeploymentPostprocessing = 0;
		};
		E1A9B4452F1134A80096765D /* Resources */ = {
			isa = PBXResourcesBuildPhase;
			buildActionMask = 2147483647;
			files = (
			);
			runOnlyForDeploymentPostprocessing = 0;
		};
/* End PBXResourcesBuildPhase section */

/* Begin PBXSourcesBuildPhase section */
		E18676742EF227C30098B095 /* Sources */ = {
			isa = PBXSourcesBuildPhase;
			buildActionMask = 2147483647;
			files = (
				E1C834DA2EFB33F100E3AA98 /* RainSurfaceDrawing.swift in Sources */,
				E1C834D12EFAB7CF00E3AA98 /* WidgetWeaverWeatherTemplateNowcastChart.swift in Sources */,
				E1C834E42EFB345B00E3AA98 /* RainSurfacePRNG.swift in Sources */,
				E1C835D62F050F8E00E3AA98 /* RainForecastSurfaceRenderer+Dissipation.swift in Sources */,
				E1C834E12EFB343B00E3AA98 /* RainSurfaceMath.swift in Sources */,
				E1C834DD2EFB341500E3AA98 /* RainSurfaceGeometry.swift in Sources */,
				E16011562F15ECE600A3B10B /* PawPulseLatestCatDetailView.swift in Sources */,
				E160114E2F15EC9E00A3B10B /* PawPulseEngine.swift in Sources */,
				E160115C2F16155300A3B10B /* ClipboardInboxStore.swift in Sources */,
				E16011452F15EC2000A3B10B /* PawPulseLatestItem.swift in Sources */,
				E16011692F18399700A3B10B /* WidgetWeaverFeatureFlags.swift in Sources */,
				E16011832F1985E900A3B10B /* WidgetWeaverRemindersStore.swift in Sources */,
				E160117F2F1985B500A3B10B /* WidgetWeaverRemindersModels.swift in Sources */,
				E16011512F15ECB600A3B10B /* PawPulseBackgroundTasks.swift in Sources */,
				E16011862F19C52B00A3B10B /* WidgetWeaverRemindersEngine.swift in Sources */,
				E150471B2F1B029B0047863A /* WidgetWeaverSpecView+BuildingBlocks.swift in Sources */,
				E1C834D42EFAB7F700E3AA98 /* WidgetWeaverWeatherTemplateHourlyStrip.swift in Sources */,
				E16D846C2EF8E80B00552DCF /* WidgetWeaverRenderClock.swift in Sources */,
				E16011792F19764C00A3B10B /* WidgetWeaverRemindersDebugStore.swift in Sources */,
				E18676A82EF240B30098B095 /* AppGroup.swift in Sources */,
				E160114B2F15EC5F00A3B10B /* PawPulseSettingsStore.swift in Sources */,
				E1C834EB2EFB8FF200E3AA98 /* WidgetWeaverRuntime.swift in Sources */,
				E1C834C92EFA5CFF00E3AA98 /* WidgetWeaverWeatherStore.swift in Sources */,
				E18676AF2EF240F10098B095 /* WidgetSpec.swift in Sources */,
				E1E87A0B2F0C417200C9AA14 /* SmartPhotoShuffleManifest.swift in Sources */,
				E16011542F15ECCE00A3B10B /* PawPulseSettingsView.swift in Sources */,
				F6ECBBEF65AE4B1D9B5F5875 /* WidgetSpec+Utilities.swift in Sources */,
				E16011472F15EC4600A3B10B /* PawPulseCache.swift in Sources */,
				21291E876C7E4A1CA098C6E7 /* WidgetSpec+Symbol.swift in Sources */,
				E15047242F1B46060047863A /* WidgetWeaverRemindersTemplateView.swift in Sources */,
				E15047212F1B02E50047863A /* WidgetWeaverSpecView+Background.swift in Sources */,
				E150471E2F1B02CF0047863A /* WidgetWeaverSpecView+Actions.swift in Sources */,
				E1E8783C2F08606300C9AA14 /* WWClockDebugLog.swift in Sources */,
				E1C834D82EFB33CA00E3AA98 /* RainForecastSurfaceRenderer.swift in Sources */,
				E1785EBD2EF628E300F7D707 /* WidgetWeaverWeatherTemplateView.swift in Sources */,
				E1C834CF2EFAAF3900E3AA98 /* RainForecastSurfaceView.swift in Sources */,
				8C6FB7B23D0C4E3F88E52DD1 /* WidgetSpec+Image.swift in Sources */,
				E12EAD5A2EF85AEB00A0E994 /* WidgetWeaverStepsEngine.swift in Sources */,
				E1C835D22F050F5E00E3AA98 /* RainForecastSurfaceRenderer+Data.swift in Sources */,
				E1C835BE2EFF427300E3AA98 /* RainSurfaceStyleHarness.swift in Sources */,
				E1C835CD2F04E53400E3AA98 /* RainSurfaceDissipationNoise.swift in Sources */,
				E1C835C42F0324B600E3AA98 /* RainSurfaceDrawing+Core.swift in Sources */,
				E1785EB52EF52A6F00F7D707 /* WidgetWeaverWeather.swift in Sources */,
				E15B0BB42EF6CD0700760C03 /* WidgetWeaverWeatherTemplateComponents.swift in Sources */,
				FB02480D9D0241DE8CC3C347 /* WidgetSpec+Layout.swift in Sources */,
				E16D846A2EF8B47900552DCF /* WWThumbnailRenderingPolicy.swift in Sources */,
				7F22E328D5B04386BEA69389 /* WidgetSpec+Style.swift in Sources */,
				E1C835C72F03250800E3AA98 /* RainSurfaceDrawing+Fuzz.swift in Sources */,
				68303C519E3D4EF3B280502E /* WidgetWeaverSpecView.swift in Sources */,
				E18676B12EF241160098B095 /* WidgetSpecStore.swift in Sources */,
				E18676AC2EF240D30098B095 /* WidgetWeaverWidgetKinds.swift in Sources */,
				E15B0BAB2EF6CC8300760C03 /* WidgetWeaverWeatherTemplateHelpers.swift in Sources */,
				E197A1022F0623DD00B415B8 /* RainSurfaceSeamlessNoiseTile.swift in Sources */,
				E15B0BAE2EF6CCC900760C03 /* WidgetWeaverWeatherTemplateModels.swift in Sources */,
				E15B0BB82EF7141A00760C03 /* WidgetWeaverCalendar.swift in Sources */,
				E1C834CC2EFA5D1B00E3AA98 /* WidgetWeaverWeatherEngine.swift in Sources */,
				E15B0BB02EF6CCE900760C03 /* WidgetWeaverWeatherTemplateLayouts.swift in Sources */,
				E160116C2F1839BC00A3B10B /* WidgetWeaverRemindersConfig.swift in Sources */,
				E12EAD572EF85AC000A0E994 /* WidgetWeaverStepsAnalytics.swift in Sources */,
				E1E878642F0B2E5B00C9AA14 /* AppGroupDarwinNotifications.swift in Sources */,
				E1C835CA2F03256600E3AA98 /* RainSurfaceDrawing+Rim.swift in Sources */,
				E15B0BC22EF78BEB00760C03 /* WidgetWeaverSteps.swift in Sources */,
			);
			runOnlyForDeploymentPostprocessing = 0;
		};
		E186768A2EF232180098B095 /* Sources */ = {
			isa = PBXSourcesBuildPhase;
			buildActionMask = 2147483647;
			files = (
				E15B0BAD2EF6CCC900760C03 /* WidgetWeaverWeatherTemplateModels.swift in Sources */,
				E150471F2F1B02CF0047863A /* WidgetWeaverSpecView+Actions.swift in Sources */,
				E1E87A0A2F0C417200C9AA14 /* SmartPhotoShuffleManifest.swift in Sources */,
				E18676A92EF240B30098B095 /* AppGroup.swift in Sources */,
				E16011482F15EC4600A3B10B /* PawPulseCache.swift in Sources */,
				E1E878632F0B2E5B00C9AA14 /* AppGroupDarwinNotifications.swift in Sources */,
				E1E8783D2F08606300C9AA14 /* WWClockDebugLog.swift in Sources */,
				E1C835BD2EFF427200E3AA98 /* RainSurfaceStyleHarness.swift in Sources */,
				E1C834DB2EFB33F100E3AA98 /* RainSurfaceDrawing.swift in Sources */,
				E1C834CB2EFA5D1B00E3AA98 /* WidgetWeaverWeatherEngine.swift in Sources */,
				E16011802F1985B500A3B10B /* WidgetWeaverRemindersModels.swift in Sources */,
				E160115B2F16155300A3B10B /* ClipboardInboxStore.swift in Sources */,
				E16011682F18399700A3B10B /* WidgetWeaverFeatureFlags.swift in Sources */,
				E16D846D2EF8E80B00552DCF /* WidgetWeaverRenderClock.swift in Sources */,
				E15B0BB12EF6CCE900760C03 /* WidgetWeaverWeatherTemplateLayouts.swift in Sources */,
				E1785EBC2EF628E300F7D707 /* WidgetWeaverWeatherTemplateView.swift in Sources */,
				E1C834DE2EFB341500E3AA98 /* RainSurfaceGeometry.swift in Sources */,
				E1C834C82EFA5CFF00E3AA98 /* WidgetWeaverWeatherStore.swift in Sources */,
				E15B0BC32EF78BEB00760C03 /* WidgetWeaverSteps.swift in Sources */,
				E16011852F19C52B00A3B10B /* WidgetWeaverRemindersEngine.swift in Sources */,
				E160114A2F15EC5F00A3B10B /* PawPulseSettingsStore.swift in Sources */,
				E18676AE2EF240F10098B095 /* WidgetSpec.swift in Sources */,
				E15B0BB32EF6CD0700760C03 /* WidgetWeaverWeatherTemplateComponents.swift in Sources */,
				E1C835D52F050F8E00E3AA98 /* RainForecastSurfaceRenderer+Dissipation.swift in Sources */,
				E1C834CE2EFAAF3900E3AA98 /* RainForecastSurfaceView.swift in Sources */,
				E16011822F1985E900A3B10B /* WidgetWeaverRemindersStore.swift in Sources */,
				745588A395DC40D993E87409 /* WidgetSpec+Utilities.swift in Sources */,
				E1C835D32F050F5E00E3AA98 /* RainForecastSurfaceRenderer+Data.swift in Sources */,
				E1C834E32EFB345B00E3AA98 /* RainSurfacePRNG.swift in Sources */,
				E12EAD5B2EF85AEB00A0E994 /* WidgetWeaverStepsEngine.swift in Sources */,
				6B8E62C829F6419284F4B718 /* WidgetSpec+Symbol.swift in Sources */,
				E1C834D22EFAB7CF00E3AA98 /* WidgetWeaverWeatherTemplateNowcastChart.swift in Sources */,
				E1C834EA2EFB8FF200E3AA98 /* WidgetWeaverRuntime.swift in Sources */,
				E150471C2F1B029B0047863A /* WidgetWeaverSpecView+BuildingBlocks.swift in Sources */,
				E1C834D52EFAB7F700E3AA98 /* WidgetWeaverWeatherTemplateHourlyStrip.swift in Sources */,
				E197A1012F0623DD00B415B8 /* RainSurfaceSeamlessNoiseTile.swift in Sources */,
				E16D84692EF8B47900552DCF /* WWThumbnailRenderingPolicy.swift in Sources */,
				2A6E3EFF16F84267A467B82E /* WidgetSpec+Image.swift in Sources */,
				E15B0BAA2EF6CC8300760C03 /* WidgetWeaverWeatherTemplateHelpers.swift in Sources */,
				E1C834D72EFB33CA00E3AA98 /* RainForecastSurfaceRenderer.swift in Sources */,
				E15B0BB72EF7141A00760C03 /* WidgetWeaverCalendar.swift in Sources */,
				E16011782F19764C00A3B10B /* WidgetWeaverRemindersDebugStore.swift in Sources */,
				5CF6BEA50DAA46AEA889C134 /* WidgetSpec+Layout.swift in Sources */,
				E1C835CB2F03256600E3AA98 /* RainSurfaceDrawing+Rim.swift in Sources */,
				E15047252F1B46060047863A /* WidgetWeaverRemindersTemplateView.swift in Sources */,
				E15047222F1B02E50047863A /* WidgetWeaverSpecView+Background.swift in Sources */,
				E1785EB62EF52A6F00F7D707 /* WidgetWeaverWeather.swift in Sources */,
				E12EAD582EF85AC000A0E994 /* WidgetWeaverStepsAnalytics.swift in Sources */,
				E1C835CE2F04E53400E3AA98 /* RainSurfaceDissipationNoise.swift in Sources */,
				F82D89878FA14A7CBCC38F02 /* WidgetSpec+Style.swift in Sources */,
				4CB1CC0E8A3A4228B0809450 /* WidgetWeaverSpecView.swift in Sources */,
				E160116B2F1839BC00A3B10B /* WidgetWeaverRemindersConfig.swift in Sources */,
				E18676B22EF241160098B095 /* WidgetSpecStore.swift in Sources */,
				E1C835C82F03250800E3AA98 /* RainSurfaceDrawing+Fuzz.swift in Sources */,
				E18676AB2EF240D30098B095 /* WidgetWeaverWidgetKinds.swift in Sources */,
				E1C834E02EFB343B00E3AA98 /* RainSurfaceMath.swift in Sources */,
				E1C835C52F0324B600E3AA98 /* RainSurfaceDrawing+Core.swift in Sources */,
				E16011442F15EC2000A3B10B /* PawPulseLatestItem.swift in Sources */,
			);
			runOnlyForDeploymentPostprocessing = 0;
		};
		E1A9B40C2F0F31720096765D /* Sources */ = {
			isa = PBXSourcesBuildPhase;
			buildActionMask = 2147483647;
			files = (
			);
			runOnlyForDeploymentPostprocessing = 0;
		};
		E1A9B4432F1134A80096765D /* Sources */ = {
			isa = PBXSourcesBuildPhase;
			buildActionMask = 2147483647;
			files = (
			);
			runOnlyForDeploymentPostprocessing = 0;
		};
/* End PBXSourcesBuildPhase section */

/* Begin PBXTargetDependency section */
		E186769D2EF2321A0098B095 /* PBXTargetDependency */ = {
			isa = PBXTargetDependency;
			target = E186768D2EF232180098B095 /* WidgetWeaverWidgetExtension */;
			targetProxy = E186769C2EF2321A0098B095 /* PBXContainerItemProxy */;
		};
		E1A9B4152F0F31720096765D /* PBXTargetDependency */ = {
			isa = PBXTargetDependency;
			target = E18676772EF227C30098B095 /* WidgetWeaver */;
			targetProxy = E1A9B4142F0F31720096765D /* PBXContainerItemProxy */;
		};
		E1A9B44E2F1134A80096765D /* PBXTargetDependency */ = {
			isa = PBXTargetDependency;
			target = E18676772EF227C30098B095 /* WidgetWeaver */;
			targetProxy = E1A9B44D2F1134A80096765D /* PBXContainerItemProxy */;
		};
/* End PBXTargetDependency section */

/* Begin XCBuildConfiguration section */
		E1785D0C2EF341EF00F7D707 /* Debug */ = {
			isa = XCBuildConfiguration;
			buildSettings = {
				ASSETCATALOG_COMPILER_APPICON_NAME = AppIcon;
				CODE_SIGN_ENTITLEMENTS = WidgetWeaver/WidgetWeaver.entitlements;
				COPY_PHASE_STRIP = NO;
				CURRENT_PROJECT_VERSION = 7;
				GCC_DYNAMIC_NO_PIC = NO;
				GCC_OPTIMIZATION_LEVEL = 0;
				GENERATE_INFOPLIST_FILE = YES;
				INFOPLIST_FILE = WidgetWeaver/Info.plist;
				INFOPLIST_KEY_CFBundleIconName = AppIcon;
				INFOPLIST_KEY_NSCalendarsFullAccessUsageDescription = "WidgetWeaver shows your next calendar event in the Next Up widget.";
				INFOPLIST_KEY_NSCalendarsUsageDescription = "WidgetWeaver shows your next calendar event in the Next Up widget.";
				INFOPLIST_KEY_NSHealthShareUsageDescription = "WidgetWeaver reads your activity data (steps, flights climbed, distance, active energy) to show it in widgets.";
				INFOPLIST_KEY_NSHealthUpdateUsageDescription = "WidgetWeaver reads your activity data (steps, flights climbed, distance, active energy) to show it in widgets. WidgetWeaver does not write to Health.";
				INFOPLIST_KEY_NSLocationWhenInUseUsageDescription = "Used to set the weather location for your widgets.";
				INFOPLIST_KEY_UILaunchStoryboardName = LaunchScreen;
				MARKETING_VERSION = 0.9.5;
				PRODUCT_BUNDLE_IDENTIFIER = com.conornolan.WidgetWeaver;
				PRODUCT_NAME = WidgetWeaver;
				SWIFT_VERSION = 6.0;
			};
			name = Debug;
		};
		E1785D0D2EF341EF00F7D707 /* Release */ = {
			isa = XCBuildConfiguration;
			buildSettings = {
				ASSETCATALOG_COMPILER_APPICON_NAME = AppIcon;
				CODE_SIGN_ENTITLEMENTS = WidgetWeaver/WidgetWeaver.entitlements;
				COPY_PHASE_STRIP = NO;
				CURRENT_PROJECT_VERSION = 7;
				DEBUG_INFORMATION_FORMAT = "dwarf-with-dsym";
				GENERATE_INFOPLIST_FILE = YES;
				INFOPLIST_FILE = WidgetWeaver/Info.plist;
				INFOPLIST_KEY_CFBundleIconName = AppIcon;
				INFOPLIST_KEY_NSCalendarsFullAccessUsageDescription = "WidgetWeaver shows your next calendar event in the Next Up widget.";
				INFOPLIST_KEY_NSCalendarsUsageDescription = "WidgetWeaver shows your next calendar event in the Next Up widget.";
				INFOPLIST_KEY_NSHealthShareUsageDescription = "WidgetWeaver reads your activity data (steps, flights climbed, distance, active energy) to show it in widgets.";
				INFOPLIST_KEY_NSHealthUpdateUsageDescription = "WidgetWeaver reads your activity data (steps, flights climbed, distance, active energy) to show it in widgets. WidgetWeaver does not write to Health.";
				INFOPLIST_KEY_NSLocationWhenInUseUsageDescription = "Used to set the weather location for your widgets.";
				INFOPLIST_KEY_UILaunchStoryboardName = LaunchScreen;
				MARKETING_VERSION = 0.9.5;
				PRODUCT_BUNDLE_IDENTIFIER = com.conornolan.WidgetWeaver;
				PRODUCT_NAME = WidgetWeaver;
				SWIFT_VERSION = 6.0;
			};
			name = Release;
		};
		E1785D0E2EF341EF00F7D707 /* Debug */ = {
			isa = XCBuildConfiguration;
			buildSettings = {
				CODE_SIGN_ENTITLEMENTS = WidgetWeaverWidgetExtension.entitlements;
				COPY_PHASE_STRIP = NO;
				CURRENT_PROJECT_VERSION = 7;
				GCC_DYNAMIC_NO_PIC = NO;
				GCC_OPTIMIZATION_LEVEL = 0;
				GENERATE_INFOPLIST_FILE = NO;
				INFOPLIST_FILE = WidgetWeaverWidget/Info.plist;
				INFOPLIST_OUTPUT_FORMAT = xml;
				MARKETING_VERSION = 0.9.5;
				PRODUCT_BUNDLE_IDENTIFIER = com.conornolan.WidgetWeaver.WidgetWeaverWidget;
				PRODUCT_NAME = WidgetWeaverWidgetExtension;
				SWIFT_VERSION = 6.0;
			};
			name = Debug;
		};
		E1785D0F2EF341EF00F7D707 /* Release */ = {
			isa = XCBuildConfiguration;
			buildSettings = {
				CODE_SIGN_ENTITLEMENTS = WidgetWeaverWidgetExtension.entitlements;
				COPY_PHASE_STRIP = NO;
				CURRENT_PROJECT_VERSION = 7;
				DEBUG_INFORMATION_FORMAT = "dwarf-with-dsym";
				GENERATE_INFOPLIST_FILE = NO;
				INFOPLIST_FILE = WidgetWeaverWidget/Info.plist;
				INFOPLIST_OUTPUT_FORMAT = xml;
				MARKETING_VERSION = 0.9.5;
				PRODUCT_BUNDLE_IDENTIFIER = com.conornolan.WidgetWeaver.WidgetWeaverWidget;
				PRODUCT_NAME = WidgetWeaverWidgetExtension;
				SWIFT_VERSION = 6.0;
			};
			name = Release;
		};
		E18676812EF227C80098B095 /* Debug */ = {
			isa = XCBuildConfiguration;
			buildSettings = {
				ALWAYS_SEARCH_USER_PATHS = NO;
				ASSETCATALOG_COMPILER_GENERATE_SWIFT_ASSET_SYMBOL_EXTENSIONS = YES;
				CLANG_ANALYZER_NONNULL = YES;
				CLANG_ANALYZER_NUMBER_OBJECT_CONVERSION = YES_AGGRESSIVE;
				CLANG_CXX_LANGUAGE_STANDARD = "gnu++20";
				CLANG_ENABLE_MODULES = YES;
				CLANG_ENABLE_OBJC_ARC = YES;
				CLANG_ENABLE_OBJC_WEAK = YES;
				CLANG_WARN_BLOCK_CAPTURE_AUTORELEASING = YES;
				CLANG_WARN_BOOL_CONVERSION = YES;
				CLANG_WARN_COMMA = YES;
				CLANG_WARN_CONSTANT_CONVERSION = YES;
				CLANG_WARN_DEPRECATED_OBJC_IMPLEMENTATIONS = YES;
				CLANG_WARN_DIRECT_OBJC_ISA_USAGE = YES_ERROR;
				CLANG_WARN_DOCUMENTATION_COMMENTS = YES;
				CLANG_WARN_EMPTY_BODY = YES;
				CLANG_WARN_ENUM_CONVERSION = YES;
				CLANG_WARN_INFINITE_RECURSION = YES;
				CLANG_WARN_INT_CONVERSION = YES;
				CLANG_WARN_NON_LITERAL_NULL_CONVERSION = YES;
				CLANG_WARN_OBJC_IMPLICIT_RETAIN_SELF = YES;
				CLANG_WARN_OBJC_LITERAL_CONVERSION = YES;
				CLANG_WARN_OBJC_ROOT_CLASS = YES_ERROR;
				CLANG_WARN_QUOTED_INCLUDE_IN_FRAMEWORK_HEADER = YES;
				CLANG_WARN_RANGE_LOOP_ANALYSIS = YES;
				CLANG_WARN_STRICT_PROTOTYPES = YES;
				CLANG_WARN_SUSPICIOUS_MOVE = YES;
				CLANG_WARN_UNGUARDED_AVAILABILITY = YES_AGGRESSIVE;
				CLANG_WARN_UNREACHABLE_CODE = YES;
				CLANG_WARN__DUPLICATE_METHOD_MATCH = YES;
				COPY_PHASE_STRIP = NO;
				DEBUG_INFORMATION_FORMAT = dwarf;
				DEVELOPMENT_TEAM = 92HEPEJ42Z;
				ENABLE_STRICT_OBJC_MSGSEND = YES;
				ENABLE_TESTABILITY = YES;
				ENABLE_USER_SCRIPT_SANDBOXING = YES;
				GCC_C_LANGUAGE_STANDARD = gnu17;
				GCC_DYNAMIC_NO_PIC = NO;
				GCC_NO_COMMON_BLOCKS = YES;
				GCC_OPTIMIZATION_LEVEL = 0;
				GCC_PREPROCESSOR_DEFINITIONS = (
					"DEBUG=1",
					"$(inherited)",
				);
				GCC_WARN_64_TO_32_BIT_CONVERSION = YES;
				GCC_WARN_ABOUT_RETURN_TYPE = YES_ERROR;
				GCC_WARN_UNDECLARED_SELECTOR = YES;
				GCC_WARN_UNINITIALIZED_AUTOS = YES_AGGRESSIVE;
				GCC_WARN_UNUSED_FUNCTION = YES;
				GCC_WARN_UNUSED_VARIABLE = YES;
				IPHONEOS_DEPLOYMENT_TARGET = 26.0;
				LD_RUNPATH_SEARCH_PATHS = (
					"$(inherited)",
					"@executable_path/Frameworks",
				);
				MTL_ENABLE_DEBUG_INFO = YES;
				ONLY_ACTIVE_ARCH = YES;
				SDKROOT = iphoneos;
				STRING_CATALOG_GENERATE_SYMBOLS = YES;
				SWIFT_ACTIVE_COMPILATION_CONDITIONS = DEBUG;
				SWIFT_OPTIMIZATION_LEVEL = "-Onone";
			};
			name = Debug;
		};
		E18676822EF227C80098B095 /* Release */ = {
			isa = XCBuildConfiguration;
			buildSettings = {
				ALWAYS_SEARCH_USER_PATHS = NO;
				ASSETCATALOG_COMPILER_GENERATE_SWIFT_ASSET_SYMBOL_EXTENSIONS = YES;
				CLANG_ANALYZER_NONNULL = YES;
				CLANG_ANALYZER_NUMBER_OBJECT_CONVERSION = YES_AGGRESSIVE;
				CLANG_CXX_LANGUAGE_STANDARD = "gnu++20";
				CLANG_ENABLE_MODULES = YES;
				CLANG_ENABLE_OBJC_ARC = YES;
				CLANG_ENABLE_OBJC_WEAK = YES;
				CLANG_WARN_BLOCK_CAPTURE_AUTORELEASING = YES;
				CLANG_WARN_BOOL_CONVERSION = YES;
				CLANG_WARN_COMMA = YES;
				CLANG_WARN_CONSTANT_CONVERSION = YES;
				CLANG_WARN_DEPRECATED_OBJC_IMPLEMENTATIONS = YES;
				CLANG_WARN_DIRECT_OBJC_ISA_USAGE = YES_ERROR;
				CLANG_WARN_DOCUMENTATION_COMMENTS = YES;
				CLANG_WARN_EMPTY_BODY = YES;
				CLANG_WARN_ENUM_CONVERSION = YES;
				CLANG_WARN_INFINITE_RECURSION = YES;
				CLANG_WARN_INT_CONVERSION = YES;
				CLANG_WARN_NON_LITERAL_NULL_CONVERSION = YES;
				CLANG_WARN_OBJC_IMPLICIT_RETAIN_SELF = YES;
				CLANG_WARN_OBJC_LITERAL_CONVERSION = YES;
				CLANG_WARN_OBJC_ROOT_CLASS = YES_ERROR;
				CLANG_WARN_QUOTED_INCLUDE_IN_FRAMEWORK_HEADER = YES;
				CLANG_WARN_RANGE_LOOP_ANALYSIS = YES;
				CLANG_WARN_STRICT_PROTOTYPES = YES;
				CLANG_WARN_SUSPICIOUS_MOVE = YES;
				CLANG_WARN_UNGUARDED_AVAILABILITY = YES_AGGRESSIVE;
				CLANG_WARN_UNREACHABLE_CODE = YES;
				CLANG_WARN__DUPLICATE_METHOD_MATCH = YES;
				COPY_PHASE_STRIP = NO;
				DEBUG_INFORMATION_FORMAT = "dwarf-with-dsym";
				DEVELOPMENT_TEAM = 92HEPEJ42Z;
				ENABLE_NS_ASSERTIONS = NO;
				ENABLE_STRICT_OBJC_MSGSEND = YES;
				ENABLE_USER_SCRIPT_SANDBOXING = YES;
				GCC_C_LANGUAGE_STANDARD = gnu17;
				GCC_NO_COMMON_BLOCKS = YES;
				GCC_WARN_64_TO_32_BIT_CONVERSION = YES;
				GCC_WARN_ABOUT_RETURN_TYPE = YES_ERROR;
				GCC_WARN_UNDECLARED_SELECTOR = YES;
				GCC_WARN_UNINITIALIZED_AUTOS = YES_AGGRESSIVE;
				GCC_WARN_UNUSED_FUNCTION = YES;
				GCC_WARN_UNUSED_VARIABLE = YES;
				IPHONEOS_DEPLOYMENT_TARGET = 26.0;
				LD_RUNPATH_SEARCH_PATHS = (
					"$(inherited)",
					"@executable_path/Frameworks",
				);
				SDKROOT = iphoneos;
				STRING_CATALOG_GENERATE_SYMBOLS = YES;
				SWIFT_COMPILATION_MODE = wholemodule;
				SWIFT_OPTIMIZATION_LEVEL = "-O";
				VALIDATE_PRODUCT = YES;
			};
			name = Release;
		};
		E1A9B4172F0F31720096765D /* Debug */ = {
			isa = XCBuildConfiguration;
			buildSettings = {
				BUNDLE_LOADER = "$(TEST_HOST)";
				CODE_SIGN_STYLE = Automatic;
				CURRENT_PROJECT_VERSION = 1;
				DEVELOPMENT_TEAM = 92HEPEJ42Z;
				GENERATE_INFOPLIST_FILE = YES;
				LOCALIZATION_PREFERS_STRING_CATALOGS = YES;
				MARKETING_VERSION = 1.0;
				MTL_ENABLE_DEBUG_INFO = INCLUDE_SOURCE;
				MTL_FAST_MATH = YES;
				PRODUCT_BUNDLE_IDENTIFIER = com.conornolan.WidgetWeaverTests;
				PRODUCT_NAME = "$(TARGET_NAME)";
				STRING_CATALOG_GENERATE_SYMBOLS = NO;
				SWIFT_ACTIVE_COMPILATION_CONDITIONS = "DEBUG $(inherited)";
				SWIFT_APPROACHABLE_CONCURRENCY = YES;
				SWIFT_EMIT_LOC_STRINGS = NO;
				SWIFT_UPCOMING_FEATURE_MEMBER_IMPORT_VISIBILITY = YES;
				SWIFT_VERSION = 5.0;
				TARGETED_DEVICE_FAMILY = "1,2";
				TEST_HOST = "$(BUILT_PRODUCTS_DIR)/WidgetWeaver.app/$(BUNDLE_EXECUTABLE_FOLDER_PATH)/WidgetWeaver";
			};
			name = Debug;
		};
		E1A9B4182F0F31720096765D /* Release */ = {
			isa = XCBuildConfiguration;
			buildSettings = {
				BUNDLE_LOADER = "$(TEST_HOST)";
				CODE_SIGN_STYLE = Automatic;
				CURRENT_PROJECT_VERSION = 1;
				DEVELOPMENT_TEAM = 92HEPEJ42Z;
				GENERATE_INFOPLIST_FILE = YES;
				LOCALIZATION_PREFERS_STRING_CATALOGS = YES;
				MARKETING_VERSION = 1.0;
				MTL_ENABLE_DEBUG_INFO = NO;
				MTL_FAST_MATH = YES;
				PRODUCT_BUNDLE_IDENTIFIER = com.conornolan.WidgetWeaverTests;
				PRODUCT_NAME = "$(TARGET_NAME)";
				STRING_CATALOG_GENERATE_SYMBOLS = NO;
				SWIFT_APPROACHABLE_CONCURRENCY = YES;
				SWIFT_EMIT_LOC_STRINGS = NO;
				SWIFT_UPCOMING_FEATURE_MEMBER_IMPORT_VISIBILITY = YES;
				SWIFT_VERSION = 5.0;
				TARGETED_DEVICE_FAMILY = "1,2";
				TEST_HOST = "$(BUILT_PRODUCTS_DIR)/WidgetWeaver.app/$(BUNDLE_EXECUTABLE_FOLDER_PATH)/WidgetWeaver";
			};
			name = Release;
		};
		E1A9B4502F1134A80096765D /* Debug */ = {
			isa = XCBuildConfiguration;
			buildSettings = {
				CODE_SIGN_STYLE = Automatic;
				CURRENT_PROJECT_VERSION = 1;
				DEVELOPMENT_TEAM = 92HEPEJ42Z;
				GENERATE_INFOPLIST_FILE = YES;
				LOCALIZATION_PREFERS_STRING_CATALOGS = YES;
				MARKETING_VERSION = 1.0;
				MTL_ENABLE_DEBUG_INFO = INCLUDE_SOURCE;
				MTL_FAST_MATH = YES;
				PRODUCT_BUNDLE_IDENTIFIER = com.conornolan.WidgetWeaverUITests;
				PRODUCT_NAME = "$(TARGET_NAME)";
				STRING_CATALOG_GENERATE_SYMBOLS = NO;
				SWIFT_ACTIVE_COMPILATION_CONDITIONS = "DEBUG $(inherited)";
				SWIFT_APPROACHABLE_CONCURRENCY = YES;
				SWIFT_EMIT_LOC_STRINGS = NO;
				SWIFT_UPCOMING_FEATURE_MEMBER_IMPORT_VISIBILITY = YES;
				SWIFT_VERSION = 5.0;
				TARGETED_DEVICE_FAMILY = "1,2";
				TEST_TARGET_NAME = WidgetWeaver;
			};
			name = Debug;
		};
		E1A9B4512F1134A80096765D /* Release */ = {
			isa = XCBuildConfiguration;
			buildSettings = {
				CODE_SIGN_STYLE = Automatic;
				CURRENT_PROJECT_VERSION = 1;
				DEVELOPMENT_TEAM = 92HEPEJ42Z;
				GENERATE_INFOPLIST_FILE = YES;
				LOCALIZATION_PREFERS_STRING_CATALOGS = YES;
				MARKETING_VERSION = 1.0;
				MTL_ENABLE_DEBUG_INFO = NO;
				MTL_FAST_MATH = YES;
				PRODUCT_BUNDLE_IDENTIFIER = com.conornolan.WidgetWeaverUITests;
				PRODUCT_NAME = "$(TARGET_NAME)";
				STRING_CATALOG_GENERATE_SYMBOLS = NO;
				SWIFT_APPROACHABLE_CONCURRENCY = YES;
				SWIFT_EMIT_LOC_STRINGS = NO;
				SWIFT_UPCOMING_FEATURE_MEMBER_IMPORT_VISIBILITY = YES;
				SWIFT_VERSION = 5.0;
				TARGETED_DEVICE_FAMILY = "1,2";
				TEST_TARGET_NAME = WidgetWeaver;
			};
			name = Release;
		};
/* End XCBuildConfiguration section */

/* Begin XCConfigurationList section */
		E18676732EF227C30098B095 /* Build configuration list for PBXProject "WidgetWeaver" */ = {
			isa = XCConfigurationList;
			buildConfigurations = (
				E18676812EF227C80098B095 /* Debug */,
				E18676822EF227C80098B095 /* Release */,
			);
			defaultConfigurationIsVisible = 0;
			defaultConfigurationName = Release;
		};
		E18676832EF227C80098B095 /* Build configuration list for PBXNativeTarget "WidgetWeaver" */ = {
			isa = XCConfigurationList;
			buildConfigurations = (
				E1785D0C2EF341EF00F7D707 /* Debug */,
				E1785D0D2EF341EF00F7D707 /* Release */,
			);
			defaultConfigurationIsVisible = 0;
			defaultConfigurationName = Release;
		};
		E18676992EF232180098B095 /* Build configuration list for PBXNativeTarget "WidgetWeaverWidgetExtension" */ = {
			isa = XCConfigurationList;
			buildConfigurations = (
				E1785D0E2EF341EF00F7D707 /* Debug */,
				E1785D0F2EF341EF00F7D707 /* Release */,
			);
			defaultConfigurationIsVisible = 0;
			defaultConfigurationName = Release;
		};
		E1A9B4162F0F31720096765D /* Build configuration list for PBXNativeTarget "WidgetWeaverTests" */ = {
			isa = XCConfigurationList;
			buildConfigurations = (
				E1A9B4172F0F31720096765D /* Debug */,
				E1A9B4182F0F31720096765D /* Release */,
			);
			defaultConfigurationIsVisible = 0;
			defaultConfigurationName = Release;
		};
		E1A9B44F2F1134A80096765D /* Build configuration list for PBXNativeTarget "WidgetWeaverUITests" */ = {
			isa = XCConfigurationList;
			buildConfigurations = (
				E1A9B4502F1134A80096765D /* Debug */,
				E1A9B4512F1134A80096765D /* Release */,
			);
			defaultConfigurationIsVisible = 0;
			defaultConfigurationName = Release;
		};
/* End XCConfigurationList section */

/* Begin XCLocalSwiftPackageReference section */
		E1A9B75D2F1568DB0096765D /* XCLocalSwiftPackageReference "../ScreenActions-clone/ScreenActionsCore" */ = {
			isa = XCLocalSwiftPackageReference;
			relativePath = "../ScreenActions-clone/ScreenActionsCore";
		};
/* End XCLocalSwiftPackageReference section */

/* Begin XCSwiftPackageProductDependency section */
		E16011632F16173600A3B10B /* ScreenActionsCore */ = {
			isa = XCSwiftPackageProductDependency;
			package = E1A9B75D2F1568DB0096765D /* XCLocalSwiftPackageReference "../ScreenActions-clone/ScreenActionsCore" */;
			productName = ScreenActionsCore;
		};
		E1A9B75E2F1568DB0096765D /* ScreenActionsCore */ = {
			isa = XCSwiftPackageProductDependency;
			productName = ScreenActionsCore;
		};
/* End XCSwiftPackageProductDependency section */
	};
	rootObject = E18676702EF227C20098B095 /* Project object */;
}
